// !$*UTF8*$!
{
	archiveVersion = 1;
	classes = {
	};
	objectVersion = 46;
	objects = {

/* Begin PBXBuildFile section */
		6D011A9E178FD130003717D6 /* AEAudioController.m in Sources */ = {isa = PBXBuildFile; fileRef = 6D011A7F178FD130003717D6 /* AEAudioController.m */; settings = {COMPILER_FLAGS = "-fno-objc-arc"; }; };
		6D011AA1178FD130003717D6 /* AEAudioFileWriter.m in Sources */ = {isa = PBXBuildFile; fileRef = 6D011A85178FD130003717D6 /* AEAudioFileWriter.m */; settings = {COMPILER_FLAGS = "-fno-objc-arc"; }; };
		6D011AA2178FD130003717D6 /* AEAudioUnitChannel.m in Sources */ = {isa = PBXBuildFile; fileRef = 6D011A87178FD130003717D6 /* AEAudioUnitChannel.m */; settings = {COMPILER_FLAGS = "-fno-objc-arc"; }; };
		6D011AA3178FD130003717D6 /* AEAudioUnitFilter.m in Sources */ = {isa = PBXBuildFile; fileRef = 6D011A89178FD130003717D6 /* AEAudioUnitFilter.m */; settings = {COMPILER_FLAGS = "-fno-objc-arc"; }; };
		6D011AA4178FD130003717D6 /* AEBlockAudioReceiver.m in Sources */ = {isa = PBXBuildFile; fileRef = 6D011A8B178FD130003717D6 /* AEBlockAudioReceiver.m */; settings = {COMPILER_FLAGS = "-fno-objc-arc"; }; };
		6D011AA5178FD130003717D6 /* AEBlockChannel.m in Sources */ = {isa = PBXBuildFile; fileRef = 6D011A8D178FD130003717D6 /* AEBlockChannel.m */; settings = {COMPILER_FLAGS = "-fno-objc-arc"; }; };
		6D011AA6178FD130003717D6 /* AEBlockFilter.m in Sources */ = {isa = PBXBuildFile; fileRef = 6D011A8F178FD130003717D6 /* AEBlockFilter.m */; settings = {COMPILER_FLAGS = "-fno-objc-arc"; }; };
		6D011AA7178FD130003717D6 /* AEFloatConverter.m in Sources */ = {isa = PBXBuildFile; fileRef = 6D011A91178FD130003717D6 /* AEFloatConverter.m */; settings = {COMPILER_FLAGS = "-fno-objc-arc"; }; };
		6D011AA8178FD130003717D6 /* AEUtilities.c in Sources */ = {isa = PBXBuildFile; fileRef = 6D011A92178FD130003717D6 /* AEUtilities.c */; settings = {COMPILER_FLAGS = "-fno-objc-arc"; }; };
		6D011AA9178FD130003717D6 /* README.markdown in Resources */ = {isa = PBXBuildFile; fileRef = 6D011A96178FD130003717D6 /* README.markdown */; };
		6D011AAA178FD130003717D6 /* TPCircularBuffer+AudioBufferList.c in Sources */ = {isa = PBXBuildFile; fileRef = 6D011A97178FD130003717D6 /* TPCircularBuffer+AudioBufferList.c */; };
		6D011AAB178FD130003717D6 /* TPCircularBuffer.c in Sources */ = {isa = PBXBuildFile; fileRef = 6D011A99178FD130003717D6 /* TPCircularBuffer.c */; };
		6D011AAC178FD30A003717D6 /* AEAudioController+Audiobus.m in Sources */ = {isa = PBXBuildFile; fileRef = 6D011A7C178FD130003717D6 /* AEAudioController+Audiobus.m */; };
		6D1AEF1716E9241E005DA854 /* demo.pd in Resources */ = {isa = PBXBuildFile; fileRef = 6D1AEF1016E923F0005DA854 /* demo.pd */; };
		6D1AEF1816E9241E005DA854 /* bassline1.pd in Resources */ = {isa = PBXBuildFile; fileRef = 6D1AEF1116E923F6005DA854 /* bassline1.pd */; };
		6D1AEF1916E9241E005DA854 /* sequence2.pd in Resources */ = {isa = PBXBuildFile; fileRef = 6D1AEF1216E923FF005DA854 /* sequence2.pd */; };
		6D1AEF1A16E9241E005DA854 /* backgroundsequence1.pd in Resources */ = {isa = PBXBuildFile; fileRef = 6D1AEF1316E92404005DA854 /* backgroundsequence1.pd */; };
		6D1AEF1B16E9241E005DA854 /* drums1.pd in Resources */ = {isa = PBXBuildFile; fileRef = 6D1AEF1416E9240C005DA854 /* drums1.pd */; };
		6D1AEF1D16E9241E005DA854 /* sequence1.pd in Resources */ = {isa = PBXBuildFile; fileRef = 6D1AEF1616E92417005DA854 /* sequence1.pd */; };
		6D1AEF1F16E924A0005DA854 /* boop.pd in Resources */ = {isa = PBXBuildFile; fileRef = 6D1AEF1E16E9249A005DA854 /* boop.pd */; };
		6D2876C216E068A800EAB5B2 /* simpleXYsynth.pd in Resources */ = {isa = PBXBuildFile; fileRef = 6D2876C116E068A800EAB5B2 /* simpleXYsynth.pd */; };
		6D589D2616E4527B00ADD824 /* s_libpdmidi.c in Sources */ = {isa = PBXBuildFile; fileRef = 6D589C3116E4527A00ADD824 /* s_libpdmidi.c */; settings = {COMPILER_FLAGS = "-w"; }; };
		6D589D2716E4527B00ADD824 /* ringbuffer.c in Sources */ = {isa = PBXBuildFile; fileRef = 6D589C3316E4527A00ADD824 /* ringbuffer.c */; settings = {COMPILER_FLAGS = "-w"; }; };
		6D589D2816E4527B00ADD824 /* z_hook_util.c in Sources */ = {isa = PBXBuildFile; fileRef = 6D589C3516E4527A00ADD824 /* z_hook_util.c */; settings = {COMPILER_FLAGS = "-w"; }; };
		6D589D2916E4527B00ADD824 /* z_print_util.c in Sources */ = {isa = PBXBuildFile; fileRef = 6D589C3716E4527A00ADD824 /* z_print_util.c */; settings = {COMPILER_FLAGS = "-w"; }; };
		6D589D2A16E4527B00ADD824 /* z_queued.c in Sources */ = {isa = PBXBuildFile; fileRef = 6D589C3916E4527A00ADD824 /* z_queued.c */; settings = {COMPILER_FLAGS = "-w"; }; };
		6D589D2B16E4527B00ADD824 /* x_libpdreceive.c in Sources */ = {isa = PBXBuildFile; fileRef = 6D589C3B16E4527A00ADD824 /* x_libpdreceive.c */; settings = {COMPILER_FLAGS = "-w"; }; };
		6D589D2C16E4527B00ADD824 /* z_libpd.c in Sources */ = {isa = PBXBuildFile; fileRef = 6D589C3D16E4527A00ADD824 /* z_libpd.c */; settings = {COMPILER_FLAGS = "-w"; }; };
		6D589D3516E4527B00ADD824 /* AudioHelpers.m in Sources */ = {isa = PBXBuildFile; fileRef = 6D589C4A16E4527A00ADD824 /* AudioHelpers.m */; };
		6D589D3616E4527B00ADD824 /* PdAudioController.m in Sources */ = {isa = PBXBuildFile; fileRef = 6D589C4C16E4527A00ADD824 /* PdAudioController.m */; settings = {COMPILER_FLAGS = "-fno-objc-arc"; }; };
		6D589D3716E4527B00ADD824 /* PdAudioUnit.m in Sources */ = {isa = PBXBuildFile; fileRef = 6D589C4E16E4527A00ADD824 /* PdAudioUnit.m */; settings = {COMPILER_FLAGS = "-fno-objc-arc"; }; };
		6D589D3816E4527B00ADD824 /* PdBase.m in Sources */ = {isa = PBXBuildFile; fileRef = 6D589C5016E4527A00ADD824 /* PdBase.m */; settings = {COMPILER_FLAGS = "-fno-objc-arc"; }; };
		6D589D3A16E4527B00ADD824 /* PdFile.m in Sources */ = {isa = PBXBuildFile; fileRef = 6D589C5416E4527A00ADD824 /* PdFile.m */; settings = {COMPILER_FLAGS = "-fno-objc-arc"; }; };
		6D589D5916E4527B00ADD824 /* d_arithmetic.c in Sources */ = {isa = PBXBuildFile; fileRef = 6D589C7A16E4527B00ADD824 /* d_arithmetic.c */; settings = {COMPILER_FLAGS = "-w"; }; };
		6D589D5A16E4527B00ADD824 /* d_array.c in Sources */ = {isa = PBXBuildFile; fileRef = 6D589C7B16E4527B00ADD824 /* d_array.c */; settings = {COMPILER_FLAGS = "-w"; }; };
		6D589D5B16E4527B00ADD824 /* d_ctl.c in Sources */ = {isa = PBXBuildFile; fileRef = 6D589C7C16E4527B00ADD824 /* d_ctl.c */; settings = {COMPILER_FLAGS = "-w"; }; };
		6D589D5C16E4527B00ADD824 /* d_dac.c in Sources */ = {isa = PBXBuildFile; fileRef = 6D589C7D16E4527B00ADD824 /* d_dac.c */; settings = {COMPILER_FLAGS = "-w"; }; };
		6D589D5D16E4527B00ADD824 /* d_delay.c in Sources */ = {isa = PBXBuildFile; fileRef = 6D589C7E16E4527B00ADD824 /* d_delay.c */; settings = {COMPILER_FLAGS = "-w"; }; };
		6D589D5E16E4527B00ADD824 /* d_fft.c in Sources */ = {isa = PBXBuildFile; fileRef = 6D589C7F16E4527B00ADD824 /* d_fft.c */; settings = {COMPILER_FLAGS = "-w"; }; };
		6D589D5F16E4527B00ADD824 /* d_fft_mayer.c in Sources */ = {isa = PBXBuildFile; fileRef = 6D589C8016E4527B00ADD824 /* d_fft_mayer.c */; settings = {COMPILER_FLAGS = "-w"; }; };
		6D589D6016E4527B00ADD824 /* d_fftroutine.c in Sources */ = {isa = PBXBuildFile; fileRef = 6D589C8116E4527B00ADD824 /* d_fftroutine.c */; settings = {COMPILER_FLAGS = "-w"; }; };
		6D589D6116E4527B00ADD824 /* d_filter.c in Sources */ = {isa = PBXBuildFile; fileRef = 6D589C8216E4527B00ADD824 /* d_filter.c */; settings = {COMPILER_FLAGS = "-w"; }; };
		6D589D6216E4527B00ADD824 /* d_global.c in Sources */ = {isa = PBXBuildFile; fileRef = 6D589C8316E4527B00ADD824 /* d_global.c */; settings = {COMPILER_FLAGS = "-w"; }; };
		6D589D6316E4527B00ADD824 /* d_math.c in Sources */ = {isa = PBXBuildFile; fileRef = 6D589C8416E4527B00ADD824 /* d_math.c */; settings = {COMPILER_FLAGS = "-w"; }; };
		6D589D6416E4527B00ADD824 /* d_misc.c in Sources */ = {isa = PBXBuildFile; fileRef = 6D589C8516E4527B00ADD824 /* d_misc.c */; settings = {COMPILER_FLAGS = "-w"; }; };
		6D589D6516E4527B00ADD824 /* d_osc.c in Sources */ = {isa = PBXBuildFile; fileRef = 6D589C8616E4527B00ADD824 /* d_osc.c */; settings = {COMPILER_FLAGS = "-w"; }; };
		6D589D6616E4527B00ADD824 /* d_resample.c in Sources */ = {isa = PBXBuildFile; fileRef = 6D589C8716E4527B00ADD824 /* d_resample.c */; settings = {COMPILER_FLAGS = "-w"; }; };
		6D589D6716E4527B00ADD824 /* d_soundfile.c in Sources */ = {isa = PBXBuildFile; fileRef = 6D589C8816E4527B00ADD824 /* d_soundfile.c */; settings = {COMPILER_FLAGS = "-w"; }; };
		6D589D6816E4527B00ADD824 /* d_ugen.c in Sources */ = {isa = PBXBuildFile; fileRef = 6D589C8916E4527B00ADD824 /* d_ugen.c */; settings = {COMPILER_FLAGS = "-w"; }; };
		6D589D6916E4527B00ADD824 /* g_all_guis.c in Sources */ = {isa = PBXBuildFile; fileRef = 6D589C8A16E4527B00ADD824 /* g_all_guis.c */; settings = {COMPILER_FLAGS = "-w"; }; };
		6D589D6A16E4527B00ADD824 /* g_array.c in Sources */ = {isa = PBXBuildFile; fileRef = 6D589C8C16E4527B00ADD824 /* g_array.c */; settings = {COMPILER_FLAGS = "-w"; }; };
		6D589D6B16E4527B00ADD824 /* g_bang.c in Sources */ = {isa = PBXBuildFile; fileRef = 6D589C8D16E4527B00ADD824 /* g_bang.c */; settings = {COMPILER_FLAGS = "-w"; }; };
		6D589D6C16E4527B00ADD824 /* g_canvas.c in Sources */ = {isa = PBXBuildFile; fileRef = 6D589C8E16E4527B00ADD824 /* g_canvas.c */; settings = {COMPILER_FLAGS = "-w"; }; };
		6D589D6D16E4527B00ADD824 /* g_editor.c in Sources */ = {isa = PBXBuildFile; fileRef = 6D589C9016E4527B00ADD824 /* g_editor.c */; settings = {COMPILER_FLAGS = "-w"; }; };
		6D589D6E16E4527B00ADD824 /* g_graph.c in Sources */ = {isa = PBXBuildFile; fileRef = 6D589C9116E4527B00ADD824 /* g_graph.c */; settings = {COMPILER_FLAGS = "-w"; }; };
		6D589D6F16E4527B00ADD824 /* g_guiconnect.c in Sources */ = {isa = PBXBuildFile; fileRef = 6D589C9216E4527B00ADD824 /* g_guiconnect.c */; settings = {COMPILER_FLAGS = "-w"; }; };
		6D589D7016E4527B00ADD824 /* g_hdial.c in Sources */ = {isa = PBXBuildFile; fileRef = 6D589C9316E4527B00ADD824 /* g_hdial.c */; settings = {COMPILER_FLAGS = "-w"; }; };
		6D589D7116E4527B00ADD824 /* g_hslider.c in Sources */ = {isa = PBXBuildFile; fileRef = 6D589C9416E4527B00ADD824 /* g_hslider.c */; settings = {COMPILER_FLAGS = "-w"; }; };
		6D589D7216E4527B00ADD824 /* g_io.c in Sources */ = {isa = PBXBuildFile; fileRef = 6D589C9516E4527B00ADD824 /* g_io.c */; settings = {COMPILER_FLAGS = "-w"; }; };
		6D589D7316E4527B00ADD824 /* g_mycanvas.c in Sources */ = {isa = PBXBuildFile; fileRef = 6D589C9616E4527B00ADD824 /* g_mycanvas.c */; settings = {COMPILER_FLAGS = "-w"; }; };
		6D589D7416E4527B00ADD824 /* g_numbox.c in Sources */ = {isa = PBXBuildFile; fileRef = 6D589C9716E4527B00ADD824 /* g_numbox.c */; settings = {COMPILER_FLAGS = "-w"; }; };
		6D589D7516E4527B00ADD824 /* g_readwrite.c in Sources */ = {isa = PBXBuildFile; fileRef = 6D589C9816E4527B00ADD824 /* g_readwrite.c */; settings = {COMPILER_FLAGS = "-w"; }; };
		6D589D7616E4527B00ADD824 /* g_rtext.c in Sources */ = {isa = PBXBuildFile; fileRef = 6D589C9916E4527B00ADD824 /* g_rtext.c */; settings = {COMPILER_FLAGS = "-w"; }; };
		6D589D7716E4527B00ADD824 /* g_scalar.c in Sources */ = {isa = PBXBuildFile; fileRef = 6D589C9A16E4527B00ADD824 /* g_scalar.c */; settings = {COMPILER_FLAGS = "-w"; }; };
		6D589D7816E4527B00ADD824 /* g_template.c in Sources */ = {isa = PBXBuildFile; fileRef = 6D589C9B16E4527B00ADD824 /* g_template.c */; settings = {COMPILER_FLAGS = "-w"; }; };
		6D589D7916E4527B00ADD824 /* g_text.c in Sources */ = {isa = PBXBuildFile; fileRef = 6D589C9C16E4527B00ADD824 /* g_text.c */; settings = {COMPILER_FLAGS = "-w"; }; };
		6D589D7A16E4527B00ADD824 /* g_toggle.c in Sources */ = {isa = PBXBuildFile; fileRef = 6D589C9D16E4527B00ADD824 /* g_toggle.c */; settings = {COMPILER_FLAGS = "-w"; }; };
		6D589D7B16E4527B00ADD824 /* g_traversal.c in Sources */ = {isa = PBXBuildFile; fileRef = 6D589C9E16E4527B00ADD824 /* g_traversal.c */; settings = {COMPILER_FLAGS = "-w"; }; };
		6D589D7C16E4527B00ADD824 /* g_vdial.c in Sources */ = {isa = PBXBuildFile; fileRef = 6D589C9F16E4527B00ADD824 /* g_vdial.c */; settings = {COMPILER_FLAGS = "-w"; }; };
		6D589D7D16E4527B00ADD824 /* g_vslider.c in Sources */ = {isa = PBXBuildFile; fileRef = 6D589CA016E4527B00ADD824 /* g_vslider.c */; settings = {COMPILER_FLAGS = "-w"; }; };
		6D589D7E16E4527B00ADD824 /* g_vumeter.c in Sources */ = {isa = PBXBuildFile; fileRef = 6D589CA116E4527B00ADD824 /* g_vumeter.c */; settings = {COMPILER_FLAGS = "-w"; }; };
		6D589D7F16E4527B00ADD824 /* m_atom.c in Sources */ = {isa = PBXBuildFile; fileRef = 6D589CA216E4527B00ADD824 /* m_atom.c */; settings = {COMPILER_FLAGS = "-w"; }; };
		6D589D8016E4527B00ADD824 /* m_binbuf.c in Sources */ = {isa = PBXBuildFile; fileRef = 6D589CA316E4527B00ADD824 /* m_binbuf.c */; settings = {COMPILER_FLAGS = "-w"; }; };
		6D589D8116E4527B00ADD824 /* m_class.c in Sources */ = {isa = PBXBuildFile; fileRef = 6D589CA416E4527B00ADD824 /* m_class.c */; settings = {COMPILER_FLAGS = "-w"; }; };
		6D589D8216E4527B00ADD824 /* m_conf.c in Sources */ = {isa = PBXBuildFile; fileRef = 6D589CA516E4527B00ADD824 /* m_conf.c */; settings = {COMPILER_FLAGS = "-w"; }; };
		6D589D8316E4527B00ADD824 /* m_glob.c in Sources */ = {isa = PBXBuildFile; fileRef = 6D589CA616E4527B00ADD824 /* m_glob.c */; settings = {COMPILER_FLAGS = "-w"; }; };
		6D589D8416E4527B00ADD824 /* m_memory.c in Sources */ = {isa = PBXBuildFile; fileRef = 6D589CA816E4527B00ADD824 /* m_memory.c */; settings = {COMPILER_FLAGS = "-w"; }; };
		6D589D8516E4527B00ADD824 /* m_obj.c in Sources */ = {isa = PBXBuildFile; fileRef = 6D589CA916E4527B00ADD824 /* m_obj.c */; settings = {COMPILER_FLAGS = "-w"; }; };
		6D589D8616E4527B00ADD824 /* m_pd.c in Sources */ = {isa = PBXBuildFile; fileRef = 6D589CAA16E4527B00ADD824 /* m_pd.c */; settings = {COMPILER_FLAGS = "-w"; }; };
		6D589D8716E4527B00ADD824 /* m_sched.c in Sources */ = {isa = PBXBuildFile; fileRef = 6D589CAC16E4527B00ADD824 /* m_sched.c */; settings = {COMPILER_FLAGS = "-w"; }; };
		6D589D8816E4527B00ADD824 /* s_audio.c in Sources */ = {isa = PBXBuildFile; fileRef = 6D589CAD16E4527B00ADD824 /* s_audio.c */; settings = {COMPILER_FLAGS = "-w"; }; };
		6D589D8916E4527B00ADD824 /* s_audio_dummy.c in Sources */ = {isa = PBXBuildFile; fileRef = 6D589CAE16E4527B00ADD824 /* s_audio_dummy.c */; settings = {COMPILER_FLAGS = "-w"; }; };
		6D589D8B16E4527B00ADD824 /* s_inter.c in Sources */ = {isa = PBXBuildFile; fileRef = 6D589CB016E4527B00ADD824 /* s_inter.c */; settings = {COMPILER_FLAGS = "-w"; }; };
		6D589D8C16E4527B00ADD824 /* s_loader.c in Sources */ = {isa = PBXBuildFile; fileRef = 6D589CB116E4527B00ADD824 /* s_loader.c */; settings = {COMPILER_FLAGS = "-w"; }; };
		6D589D8D16E4527B00ADD824 /* s_main.c in Sources */ = {isa = PBXBuildFile; fileRef = 6D589CB216E4527B00ADD824 /* s_main.c */; settings = {COMPILER_FLAGS = "-w"; }; };
		6D589D8E16E4527B00ADD824 /* s_path.c in Sources */ = {isa = PBXBuildFile; fileRef = 6D589CB316E4527B00ADD824 /* s_path.c */; settings = {COMPILER_FLAGS = "-w"; }; };
		6D589D8F16E4527B00ADD824 /* s_print.c in Sources */ = {isa = PBXBuildFile; fileRef = 6D589CB416E4527B00ADD824 /* s_print.c */; settings = {COMPILER_FLAGS = "-w"; }; };
		6D589D9016E4527B00ADD824 /* s_utf8.c in Sources */ = {isa = PBXBuildFile; fileRef = 6D589CB616E4527B00ADD824 /* s_utf8.c */; settings = {COMPILER_FLAGS = "-w"; }; };
		6D589D9116E4527B00ADD824 /* x_acoustics.c in Sources */ = {isa = PBXBuildFile; fileRef = 6D589CB816E4527B00ADD824 /* x_acoustics.c */; settings = {COMPILER_FLAGS = "-w"; }; };
		6D589D9216E4527B00ADD824 /* x_arithmetic.c in Sources */ = {isa = PBXBuildFile; fileRef = 6D589CB916E4527B00ADD824 /* x_arithmetic.c */; settings = {COMPILER_FLAGS = "-w"; }; };
		6D589D9316E4527B00ADD824 /* x_connective.c in Sources */ = {isa = PBXBuildFile; fileRef = 6D589CBA16E4527B00ADD824 /* x_connective.c */; settings = {COMPILER_FLAGS = "-w"; }; };
		6D589D9416E4527B00ADD824 /* x_gui.c in Sources */ = {isa = PBXBuildFile; fileRef = 6D589CBB16E4527B00ADD824 /* x_gui.c */; settings = {COMPILER_FLAGS = "-w"; }; };
		6D589D9516E4527B00ADD824 /* x_interface.c in Sources */ = {isa = PBXBuildFile; fileRef = 6D589CBC16E4527B00ADD824 /* x_interface.c */; settings = {COMPILER_FLAGS = "-w"; }; };
		6D589D9616E4527B00ADD824 /* x_list.c in Sources */ = {isa = PBXBuildFile; fileRef = 6D589CBD16E4527B00ADD824 /* x_list.c */; settings = {COMPILER_FLAGS = "-w"; }; };
		6D589D9716E4527B00ADD824 /* x_midi.c in Sources */ = {isa = PBXBuildFile; fileRef = 6D589CBE16E4527B00ADD824 /* x_midi.c */; settings = {COMPILER_FLAGS = "-w"; }; };
		6D589D9816E4527B00ADD824 /* x_misc.c in Sources */ = {isa = PBXBuildFile; fileRef = 6D589CBF16E4527B00ADD824 /* x_misc.c */; settings = {COMPILER_FLAGS = "-w"; }; };
		6D589D9916E4527B00ADD824 /* x_net.c in Sources */ = {isa = PBXBuildFile; fileRef = 6D589CC016E4527B00ADD824 /* x_net.c */; settings = {COMPILER_FLAGS = "-w"; }; };
		6D589D9A16E4527B00ADD824 /* x_qlist.c in Sources */ = {isa = PBXBuildFile; fileRef = 6D589CC116E4527B00ADD824 /* x_qlist.c */; settings = {COMPILER_FLAGS = "-w"; }; };
		6D589D9B16E4527B00ADD824 /* x_time.c in Sources */ = {isa = PBXBuildFile; fileRef = 6D589CC216E4527B00ADD824 /* x_time.c */; settings = {COMPILER_FLAGS = "-w"; }; };
		6D589DCF16E457D400ADD824 /* s_file.c in Sources */ = {isa = PBXBuildFile; fileRef = 6D589CAF16E4527B00ADD824 /* s_file.c */; settings = {COMPILER_FLAGS = "-w"; }; };
		6DB02FFB170E61BB008A4483 /* C4PD.m in Sources */ = {isa = PBXBuildFile; fileRef = 6DB02FFA170E61BA008A4483 /* C4PD.m */; };
		6DD589A216D5181C00CBA729 /* Accelerate.framework in Frameworks */ = {isa = PBXBuildFile; fileRef = 6DD589A116D5181C00CBA729 /* Accelerate.framework */; };
		6DD589A416D5181C00CBA729 /* AVFoundation.framework in Frameworks */ = {isa = PBXBuildFile; fileRef = 6DD589A316D5181C00CBA729 /* AVFoundation.framework */; };
		6DD589A616D5181C00CBA729 /* CoreFoundation.framework in Frameworks */ = {isa = PBXBuildFile; fileRef = 6DD589A516D5181C00CBA729 /* CoreFoundation.framework */; };
		6DD589A816D5181C00CBA729 /* CoreGraphics.framework in Frameworks */ = {isa = PBXBuildFile; fileRef = 6DD589A716D5181C00CBA729 /* CoreGraphics.framework */; };
		6DD589AA16D5181C00CBA729 /* CoreImage.framework in Frameworks */ = {isa = PBXBuildFile; fileRef = 6DD589A916D5181C00CBA729 /* CoreImage.framework */; };
		6DD589AC16D5181C00CBA729 /* CoreMedia.framework in Frameworks */ = {isa = PBXBuildFile; fileRef = 6DD589AB16D5181C00CBA729 /* CoreMedia.framework */; };
		6DD589AE16D5181C00CBA729 /* CoreText.framework in Frameworks */ = {isa = PBXBuildFile; fileRef = 6DD589AD16D5181C00CBA729 /* CoreText.framework */; };
		6DD589B016D5181C00CBA729 /* Foundation.framework in Frameworks */ = {isa = PBXBuildFile; fileRef = 6DD589AF16D5181C00CBA729 /* Foundation.framework */; };
		6DD589B216D5181C00CBA729 /* OpenGLES.framework in Frameworks */ = {isa = PBXBuildFile; fileRef = 6DD589B116D5181C00CBA729 /* OpenGLES.framework */; };
		6DD589B416D5181C00CBA729 /* QuartzCore.framework in Frameworks */ = {isa = PBXBuildFile; fileRef = 6DD589B316D5181C00CBA729 /* QuartzCore.framework */; };
		6DD589B616D5181C00CBA729 /* UIKit.framework in Frameworks */ = {isa = PBXBuildFile; fileRef = 6DD589B516D5181C00CBA729 /* UIKit.framework */; };
		6DD589BC16D5181C00CBA729 /* InfoPlist.strings in Resources */ = {isa = PBXBuildFile; fileRef = 6DD589BA16D5181C00CBA729 /* InfoPlist.strings */; };
		6DD589BE16D5181C00CBA729 /* main.m in Sources */ = {isa = PBXBuildFile; fileRef = 6DD589BD16D5181C00CBA729 /* main.m */; };
		6DD589C316D5181C00CBA729 /* C4AppDelegate.m in Sources */ = {isa = PBXBuildFile; fileRef = 6DD589C216D5181C00CBA729 /* C4AppDelegate.m */; };
		6DD589C516D5181C00CBA729 /* C4WorkSpace.m in Sources */ = {isa = PBXBuildFile; fileRef = 6DD589C416D5181C00CBA729 /* C4WorkSpace.m */; };
		6DD589EB16D5181C00CBA729 /* libC4.a in Frameworks */ = {isa = PBXBuildFile; fileRef = 6DD589EA16D5181C00CBA729 /* libC4.a */; };
		6DD589EE16D5181C00CBA729 /* C4Loop.aif in Resources */ = {isa = PBXBuildFile; fileRef = 6DD589ED16D5181C00CBA729 /* C4Loop.aif */; };
		6DD589F016D5181C00CBA729 /* C4Sky.png in Resources */ = {isa = PBXBuildFile; fileRef = 6DD589EF16D5181C00CBA729 /* C4Sky.png */; };
		6DD589F216D5181C00CBA729 /* C4Table.png in Resources */ = {isa = PBXBuildFile; fileRef = 6DD589F116D5181C00CBA729 /* C4Table.png */; };
		6DD589F416D5181C00CBA729 /* inception.mov in Resources */ = {isa = PBXBuildFile; fileRef = 6DD589F316D5181C00CBA729 /* inception.mov */; };
		6DD589F716D5181C00CBA729 /* iTunesArtwork.png in Resources */ = {isa = PBXBuildFile; fileRef = 6DD589F616D5181C00CBA729 /* iTunesArtwork.png */; };
		6DD589FA16D5181C00CBA729 /* C4Canvas.xib in Resources */ = {isa = PBXBuildFile; fileRef = 6DD589F816D5181C00CBA729 /* C4Canvas.xib */; };
		6DD589FC16D5181C00CBA729 /* C4_AppIcon_iPad.png in Resources */ = {isa = PBXBuildFile; fileRef = 6DD589FB16D5181C00CBA729 /* C4_AppIcon_iPad.png */; };
		6DD589FE16D5181C00CBA729 /* C4_AppIcon_iPad@2x.png in Resources */ = {isa = PBXBuildFile; fileRef = 6DD589FD16D5181C00CBA729 /* C4_AppIcon_iPad@2x.png */; };
		6DD58A0016D5181C00CBA729 /* C4_AppStoreIcon.png in Resources */ = {isa = PBXBuildFile; fileRef = 6DD589FF16D5181C00CBA729 /* C4_AppStoreIcon.png */; };
		6DD58A0216D5181C00CBA729 /* C4_AppStoreIcon@2x.png in Resources */ = {isa = PBXBuildFile; fileRef = 6DD58A0116D5181C00CBA729 /* C4_AppStoreIcon@2x.png */; };
		6DD58A0416D5181C00CBA729 /* C4_LaunchImage_iPad-Landscape.png in Resources */ = {isa = PBXBuildFile; fileRef = 6DD58A0316D5181C00CBA729 /* C4_LaunchImage_iPad-Landscape.png */; };
		6DD58A0616D5181C00CBA729 /* C4_LaunchImage_iPad-Landscape@2x.png in Resources */ = {isa = PBXBuildFile; fileRef = 6DD58A0516D5181C00CBA729 /* C4_LaunchImage_iPad-Landscape@2x.png */; };
		6DD58A0816D5181C00CBA729 /* C4_LaunchImage_iPad-Portrait.png in Resources */ = {isa = PBXBuildFile; fileRef = 6DD58A0716D5181C00CBA729 /* C4_LaunchImage_iPad-Portrait.png */; };
		6DD58A0A16D5181C00CBA729 /* C4_LaunchImage_iPad-Portrait@2x.png in Resources */ = {isa = PBXBuildFile; fileRef = 6DD58A0916D5181C00CBA729 /* C4_LaunchImage_iPad-Portrait@2x.png */; };
		6DD58A0C16D5181C00CBA729 /* C4_SpotlightIcon.png in Resources */ = {isa = PBXBuildFile; fileRef = 6DD58A0B16D5181C00CBA729 /* C4_SpotlightIcon.png */; };
		6DD58A0E16D5181C00CBA729 /* C4_SpotlightIcon@2x.png in Resources */ = {isa = PBXBuildFile; fileRef = 6DD58A0D16D5181C00CBA729 /* C4_SpotlightIcon@2x.png */; };
		6DD58A1016D5181C00CBA729 /* C4_SpotlightIcon_iPad.png in Resources */ = {isa = PBXBuildFile; fileRef = 6DD58A0F16D5181C00CBA729 /* C4_SpotlightIcon_iPad.png */; };
		6DD58A1216D5181C00CBA729 /* C4_SpotlightIcon_iPad@2x.png in Resources */ = {isa = PBXBuildFile; fileRef = 6DD58A1116D5181C00CBA729 /* C4_SpotlightIcon_iPad@2x.png */; };
		6DD58A1416D5181C00CBA729 /* C4_TabbarIcon.png in Resources */ = {isa = PBXBuildFile; fileRef = 6DD58A1316D5181C00CBA729 /* C4_TabbarIcon.png */; };
		6DD58A1616D5181C00CBA729 /* C4_TabbarIcon@2x.png in Resources */ = {isa = PBXBuildFile; fileRef = 6DD58A1516D5181C00CBA729 /* C4_TabbarIcon@2x.png */; };
		6DD58A1816D5181C00CBA729 /* C4_ToolbarIcon.png in Resources */ = {isa = PBXBuildFile; fileRef = 6DD58A1716D5181C00CBA729 /* C4_ToolbarIcon.png */; };
		6DD58A1A16D5181C00CBA729 /* C4_ToolbarIcon@2x.png in Resources */ = {isa = PBXBuildFile; fileRef = 6DD58A1916D5181C00CBA729 /* C4_ToolbarIcon@2x.png */; };
		6DE56E9A16D544590078E025 /* AudioToolbox.framework in Frameworks */ = {isa = PBXBuildFile; fileRef = 6DE56E9916D544590078E025 /* AudioToolbox.framework */; };
/* End PBXBuildFile section */

/* Begin PBXFileReference section */
		6D011A7B178FD130003717D6 /* AEAudioController+Audiobus.h */ = {isa = PBXFileReference; fileEncoding = 4; lastKnownFileType = sourcecode.c.h; path = "AEAudioController+Audiobus.h"; sourceTree = "<group>"; };
		6D011A7C178FD130003717D6 /* AEAudioController+Audiobus.m */ = {isa = PBXFileReference; fileEncoding = 4; lastKnownFileType = sourcecode.c.objc; path = "AEAudioController+Audiobus.m"; sourceTree = "<group>"; };
		6D011A7D178FD130003717D6 /* AEAudioController+AudiobusStub.h */ = {isa = PBXFileReference; fileEncoding = 4; lastKnownFileType = sourcecode.c.h; path = "AEAudioController+AudiobusStub.h"; sourceTree = "<group>"; };
		6D011A7E178FD130003717D6 /* AEAudioController.h */ = {isa = PBXFileReference; fileEncoding = 4; lastKnownFileType = sourcecode.c.h; path = AEAudioController.h; sourceTree = "<group>"; };
		6D011A7F178FD130003717D6 /* AEAudioController.m */ = {isa = PBXFileReference; fileEncoding = 4; lastKnownFileType = sourcecode.c.objc; path = AEAudioController.m; sourceTree = "<group>"; };
		6D011A80178FD130003717D6 /* AEAudioFileLoaderOperation.h */ = {isa = PBXFileReference; fileEncoding = 4; lastKnownFileType = sourcecode.c.h; path = AEAudioFileLoaderOperation.h; sourceTree = "<group>"; };
		6D011A81178FD130003717D6 /* AEAudioFileLoaderOperation.m */ = {isa = PBXFileReference; fileEncoding = 4; lastKnownFileType = sourcecode.c.objc; path = AEAudioFileLoaderOperation.m; sourceTree = "<group>"; };
		6D011A82178FD130003717D6 /* AEAudioFilePlayer.h */ = {isa = PBXFileReference; fileEncoding = 4; lastKnownFileType = sourcecode.c.h; path = AEAudioFilePlayer.h; sourceTree = "<group>"; };
		6D011A83178FD130003717D6 /* AEAudioFilePlayer.m */ = {isa = PBXFileReference; fileEncoding = 4; lastKnownFileType = sourcecode.c.objc; path = AEAudioFilePlayer.m; sourceTree = "<group>"; };
		6D011A84178FD130003717D6 /* AEAudioFileWriter.h */ = {isa = PBXFileReference; fileEncoding = 4; lastKnownFileType = sourcecode.c.h; path = AEAudioFileWriter.h; sourceTree = "<group>"; };
		6D011A85178FD130003717D6 /* AEAudioFileWriter.m */ = {isa = PBXFileReference; fileEncoding = 4; lastKnownFileType = sourcecode.c.objc; path = AEAudioFileWriter.m; sourceTree = "<group>"; };
		6D011A86178FD130003717D6 /* AEAudioUnitChannel.h */ = {isa = PBXFileReference; fileEncoding = 4; lastKnownFileType = sourcecode.c.h; path = AEAudioUnitChannel.h; sourceTree = "<group>"; };
		6D011A87178FD130003717D6 /* AEAudioUnitChannel.m */ = {isa = PBXFileReference; fileEncoding = 4; lastKnownFileType = sourcecode.c.objc; path = AEAudioUnitChannel.m; sourceTree = "<group>"; };
		6D011A88178FD130003717D6 /* AEAudioUnitFilter.h */ = {isa = PBXFileReference; fileEncoding = 4; lastKnownFileType = sourcecode.c.h; path = AEAudioUnitFilter.h; sourceTree = "<group>"; };
		6D011A89178FD130003717D6 /* AEAudioUnitFilter.m */ = {isa = PBXFileReference; fileEncoding = 4; lastKnownFileType = sourcecode.c.objc; path = AEAudioUnitFilter.m; sourceTree = "<group>"; };
		6D011A8A178FD130003717D6 /* AEBlockAudioReceiver.h */ = {isa = PBXFileReference; fileEncoding = 4; lastKnownFileType = sourcecode.c.h; path = AEBlockAudioReceiver.h; sourceTree = "<group>"; };
		6D011A8B178FD130003717D6 /* AEBlockAudioReceiver.m */ = {isa = PBXFileReference; fileEncoding = 4; lastKnownFileType = sourcecode.c.objc; path = AEBlockAudioReceiver.m; sourceTree = "<group>"; };
		6D011A8C178FD130003717D6 /* AEBlockChannel.h */ = {isa = PBXFileReference; fileEncoding = 4; lastKnownFileType = sourcecode.c.h; path = AEBlockChannel.h; sourceTree = "<group>"; };
		6D011A8D178FD130003717D6 /* AEBlockChannel.m */ = {isa = PBXFileReference; fileEncoding = 4; lastKnownFileType = sourcecode.c.objc; path = AEBlockChannel.m; sourceTree = "<group>"; };
		6D011A8E178FD130003717D6 /* AEBlockFilter.h */ = {isa = PBXFileReference; fileEncoding = 4; lastKnownFileType = sourcecode.c.h; path = AEBlockFilter.h; sourceTree = "<group>"; };
		6D011A8F178FD130003717D6 /* AEBlockFilter.m */ = {isa = PBXFileReference; fileEncoding = 4; lastKnownFileType = sourcecode.c.objc; path = AEBlockFilter.m; sourceTree = "<group>"; };
		6D011A90178FD130003717D6 /* AEFloatConverter.h */ = {isa = PBXFileReference; fileEncoding = 4; lastKnownFileType = sourcecode.c.h; path = AEFloatConverter.h; sourceTree = "<group>"; };
		6D011A91178FD130003717D6 /* AEFloatConverter.m */ = {isa = PBXFileReference; fileEncoding = 4; lastKnownFileType = sourcecode.c.objc; path = AEFloatConverter.m; sourceTree = "<group>"; };
		6D011A92178FD130003717D6 /* AEUtilities.c */ = {isa = PBXFileReference; fileEncoding = 4; lastKnownFileType = sourcecode.c.c; path = AEUtilities.c; sourceTree = "<group>"; };
		6D011A93178FD130003717D6 /* AEUtilities.h */ = {isa = PBXFileReference; fileEncoding = 4; lastKnownFileType = sourcecode.c.h; path = AEUtilities.h; sourceTree = "<group>"; };
		6D011A96178FD130003717D6 /* README.markdown */ = {isa = PBXFileReference; fileEncoding = 4; lastKnownFileType = text; path = README.markdown; sourceTree = "<group>"; };
		6D011A97178FD130003717D6 /* TPCircularBuffer+AudioBufferList.c */ = {isa = PBXFileReference; fileEncoding = 4; lastKnownFileType = sourcecode.c.c; path = "TPCircularBuffer+AudioBufferList.c"; sourceTree = "<group>"; };
		6D011A98178FD130003717D6 /* TPCircularBuffer+AudioBufferList.h */ = {isa = PBXFileReference; fileEncoding = 4; lastKnownFileType = sourcecode.c.h; path = "TPCircularBuffer+AudioBufferList.h"; sourceTree = "<group>"; };
		6D011A99178FD130003717D6 /* TPCircularBuffer.c */ = {isa = PBXFileReference; fileEncoding = 4; lastKnownFileType = sourcecode.c.c; path = TPCircularBuffer.c; sourceTree = "<group>"; };
		6D011A9A178FD130003717D6 /* TPCircularBuffer.h */ = {isa = PBXFileReference; fileEncoding = 4; lastKnownFileType = sourcecode.c.h; path = TPCircularBuffer.h; sourceTree = "<group>"; };
		6D011A9B178FD130003717D6 /* TheAmazingAudioEngine-Prefix.pch */ = {isa = PBXFileReference; fileEncoding = 4; lastKnownFileType = sourcecode.c.h; path = "TheAmazingAudioEngine-Prefix.pch"; sourceTree = "<group>"; };
		6D011A9C178FD130003717D6 /* TheAmazingAudioEngine.h */ = {isa = PBXFileReference; fileEncoding = 4; lastKnownFileType = sourcecode.c.h; path = TheAmazingAudioEngine.h; sourceTree = "<group>"; };
		6D1AEF1016E923F0005DA854 /* demo.pd */ = {isa = PBXFileReference; fileEncoding = 4; lastKnownFileType = text; path = demo.pd; sourceTree = "<group>"; };
		6D1AEF1116E923F6005DA854 /* bassline1.pd */ = {isa = PBXFileReference; fileEncoding = 4; lastKnownFileType = text; path = bassline1.pd; sourceTree = "<group>"; };
		6D1AEF1216E923FF005DA854 /* sequence2.pd */ = {isa = PBXFileReference; fileEncoding = 4; lastKnownFileType = text; path = sequence2.pd; sourceTree = "<group>"; };
		6D1AEF1316E92404005DA854 /* backgroundsequence1.pd */ = {isa = PBXFileReference; fileEncoding = 4; lastKnownFileType = text; path = backgroundsequence1.pd; sourceTree = "<group>"; };
		6D1AEF1416E9240C005DA854 /* drums1.pd */ = {isa = PBXFileReference; fileEncoding = 4; lastKnownFileType = text; path = drums1.pd; sourceTree = "<group>"; };
		6D1AEF1616E92417005DA854 /* sequence1.pd */ = {isa = PBXFileReference; fileEncoding = 4; lastKnownFileType = text; path = sequence1.pd; sourceTree = "<group>"; };
		6D1AEF1E16E9249A005DA854 /* boop.pd */ = {isa = PBXFileReference; fileEncoding = 4; lastKnownFileType = text; path = boop.pd; sourceTree = "<group>"; };
		6D2876C116E068A800EAB5B2 /* simpleXYsynth.pd */ = {isa = PBXFileReference; fileEncoding = 4; lastKnownFileType = text; path = simpleXYsynth.pd; sourceTree = "<group>"; };
		6D589C3116E4527A00ADD824 /* s_libpdmidi.c */ = {isa = PBXFileReference; fileEncoding = 4; lastKnownFileType = sourcecode.c.c; path = s_libpdmidi.c; sourceTree = "<group>"; };
		6D589C3316E4527A00ADD824 /* ringbuffer.c */ = {isa = PBXFileReference; fileEncoding = 4; lastKnownFileType = sourcecode.c.c; path = ringbuffer.c; sourceTree = "<group>"; };
		6D589C3416E4527A00ADD824 /* ringbuffer.h */ = {isa = PBXFileReference; fileEncoding = 4; lastKnownFileType = sourcecode.c.h; path = ringbuffer.h; sourceTree = "<group>"; };
		6D589C3516E4527A00ADD824 /* z_hook_util.c */ = {isa = PBXFileReference; fileEncoding = 4; lastKnownFileType = sourcecode.c.c; path = z_hook_util.c; sourceTree = "<group>"; };
		6D589C3616E4527A00ADD824 /* z_hook_util.h */ = {isa = PBXFileReference; fileEncoding = 4; lastKnownFileType = sourcecode.c.h; path = z_hook_util.h; sourceTree = "<group>"; };
		6D589C3716E4527A00ADD824 /* z_print_util.c */ = {isa = PBXFileReference; fileEncoding = 4; lastKnownFileType = sourcecode.c.c; path = z_print_util.c; sourceTree = "<group>"; };
		6D589C3816E4527A00ADD824 /* z_print_util.h */ = {isa = PBXFileReference; fileEncoding = 4; lastKnownFileType = sourcecode.c.h; path = z_print_util.h; sourceTree = "<group>"; };
		6D589C3916E4527A00ADD824 /* z_queued.c */ = {isa = PBXFileReference; fileEncoding = 4; lastKnownFileType = sourcecode.c.c; path = z_queued.c; sourceTree = "<group>"; };
		6D589C3A16E4527A00ADD824 /* z_queued.h */ = {isa = PBXFileReference; fileEncoding = 4; lastKnownFileType = sourcecode.c.h; path = z_queued.h; sourceTree = "<group>"; };
		6D589C3B16E4527A00ADD824 /* x_libpdreceive.c */ = {isa = PBXFileReference; fileEncoding = 4; lastKnownFileType = sourcecode.c.c; path = x_libpdreceive.c; sourceTree = "<group>"; };
		6D589C3C16E4527A00ADD824 /* x_libpdreceive.h */ = {isa = PBXFileReference; fileEncoding = 4; lastKnownFileType = sourcecode.c.h; path = x_libpdreceive.h; sourceTree = "<group>"; };
		6D589C3D16E4527A00ADD824 /* z_libpd.c */ = {isa = PBXFileReference; fileEncoding = 4; lastKnownFileType = sourcecode.c.c; path = z_libpd.c; sourceTree = "<group>"; };
		6D589C3E16E4527A00ADD824 /* z_libpd.h */ = {isa = PBXFileReference; fileEncoding = 4; lastKnownFileType = sourcecode.c.h; path = z_libpd.h; sourceTree = "<group>"; };
		6D589C4516E4527A00ADD824 /* LICENSE.txt */ = {isa = PBXFileReference; fileEncoding = 4; lastKnownFileType = text; path = LICENSE.txt; sourceTree = "<group>"; };
		6D589C4616E4527A00ADD824 /* Makefile */ = {isa = PBXFileReference; fileEncoding = 4; lastKnownFileType = sourcecode.make; path = Makefile; sourceTree = "<group>"; };
		6D589C4716E4527A00ADD824 /* mingw_build.bat */ = {isa = PBXFileReference; fileEncoding = 4; lastKnownFileType = text; path = mingw_build.bat; sourceTree = "<group>"; };
		6D589C4916E4527A00ADD824 /* AudioHelpers.h */ = {isa = PBXFileReference; fileEncoding = 4; lastKnownFileType = sourcecode.c.h; path = AudioHelpers.h; sourceTree = "<group>"; };
		6D589C4A16E4527A00ADD824 /* AudioHelpers.m */ = {isa = PBXFileReference; fileEncoding = 4; lastKnownFileType = sourcecode.c.objc; path = AudioHelpers.m; sourceTree = "<group>"; };
		6D589C4B16E4527A00ADD824 /* PdAudioController.h */ = {isa = PBXFileReference; fileEncoding = 4; lastKnownFileType = sourcecode.c.h; path = PdAudioController.h; sourceTree = "<group>"; };
		6D589C4C16E4527A00ADD824 /* PdAudioController.m */ = {isa = PBXFileReference; fileEncoding = 4; lastKnownFileType = sourcecode.c.objc; path = PdAudioController.m; sourceTree = "<group>"; };
		6D589C4D16E4527A00ADD824 /* PdAudioUnit.h */ = {isa = PBXFileReference; fileEncoding = 4; lastKnownFileType = sourcecode.c.h; path = PdAudioUnit.h; sourceTree = "<group>"; };
		6D589C4E16E4527A00ADD824 /* PdAudioUnit.m */ = {isa = PBXFileReference; fileEncoding = 4; lastKnownFileType = sourcecode.c.objc; path = PdAudioUnit.m; sourceTree = "<group>"; };
		6D589C4F16E4527A00ADD824 /* PdBase.h */ = {isa = PBXFileReference; fileEncoding = 4; lastKnownFileType = sourcecode.c.h; path = PdBase.h; sourceTree = "<group>"; };
		6D589C5016E4527A00ADD824 /* PdBase.m */ = {isa = PBXFileReference; fileEncoding = 4; lastKnownFileType = sourcecode.c.objc; path = PdBase.m; sourceTree = "<group>"; };
		6D589C5116E4527A00ADD824 /* PdDispatcher.h */ = {isa = PBXFileReference; fileEncoding = 4; lastKnownFileType = sourcecode.c.h; path = PdDispatcher.h; sourceTree = "<group>"; };
		6D589C5216E4527A00ADD824 /* PdDispatcher.m */ = {isa = PBXFileReference; fileEncoding = 4; lastKnownFileType = sourcecode.c.objc; path = PdDispatcher.m; sourceTree = "<group>"; };
		6D589C5316E4527A00ADD824 /* PdFile.h */ = {isa = PBXFileReference; fileEncoding = 4; lastKnownFileType = sourcecode.c.h; path = PdFile.h; sourceTree = "<group>"; };
		6D589C5416E4527A00ADD824 /* PdFile.m */ = {isa = PBXFileReference; fileEncoding = 4; lastKnownFileType = sourcecode.c.objc; path = PdFile.m; sourceTree = "<group>"; };
		6D589C5516E4527A00ADD824 /* PdMidiDispatcher.h */ = {isa = PBXFileReference; fileEncoding = 4; lastKnownFileType = sourcecode.c.h; path = PdMidiDispatcher.h; sourceTree = "<group>"; };
		6D589C5616E4527A00ADD824 /* PdMidiDispatcher.m */ = {isa = PBXFileReference; fileEncoding = 4; lastKnownFileType = sourcecode.c.objc; path = PdMidiDispatcher.m; sourceTree = "<group>"; };
		6D589C7A16E4527B00ADD824 /* d_arithmetic.c */ = {isa = PBXFileReference; fileEncoding = 4; lastKnownFileType = sourcecode.c.c; path = d_arithmetic.c; sourceTree = "<group>"; };
		6D589C7B16E4527B00ADD824 /* d_array.c */ = {isa = PBXFileReference; fileEncoding = 4; lastKnownFileType = sourcecode.c.c; path = d_array.c; sourceTree = "<group>"; };
		6D589C7C16E4527B00ADD824 /* d_ctl.c */ = {isa = PBXFileReference; fileEncoding = 4; lastKnownFileType = sourcecode.c.c; path = d_ctl.c; sourceTree = "<group>"; };
		6D589C7D16E4527B00ADD824 /* d_dac.c */ = {isa = PBXFileReference; fileEncoding = 4; lastKnownFileType = sourcecode.c.c; path = d_dac.c; sourceTree = "<group>"; };
		6D589C7E16E4527B00ADD824 /* d_delay.c */ = {isa = PBXFileReference; fileEncoding = 4; lastKnownFileType = sourcecode.c.c; path = d_delay.c; sourceTree = "<group>"; };
		6D589C7F16E4527B00ADD824 /* d_fft.c */ = {isa = PBXFileReference; fileEncoding = 4; lastKnownFileType = sourcecode.c.c; path = d_fft.c; sourceTree = "<group>"; };
		6D589C8016E4527B00ADD824 /* d_fft_mayer.c */ = {isa = PBXFileReference; fileEncoding = 4; lastKnownFileType = sourcecode.c.c; path = d_fft_mayer.c; sourceTree = "<group>"; };
		6D589C8116E4527B00ADD824 /* d_fftroutine.c */ = {isa = PBXFileReference; fileEncoding = 4; lastKnownFileType = sourcecode.c.c; path = d_fftroutine.c; sourceTree = "<group>"; };
		6D589C8216E4527B00ADD824 /* d_filter.c */ = {isa = PBXFileReference; fileEncoding = 4; lastKnownFileType = sourcecode.c.c; path = d_filter.c; sourceTree = "<group>"; };
		6D589C8316E4527B00ADD824 /* d_global.c */ = {isa = PBXFileReference; fileEncoding = 4; lastKnownFileType = sourcecode.c.c; path = d_global.c; sourceTree = "<group>"; };
		6D589C8416E4527B00ADD824 /* d_math.c */ = {isa = PBXFileReference; fileEncoding = 4; lastKnownFileType = sourcecode.c.c; path = d_math.c; sourceTree = "<group>"; };
		6D589C8516E4527B00ADD824 /* d_misc.c */ = {isa = PBXFileReference; fileEncoding = 4; lastKnownFileType = sourcecode.c.c; path = d_misc.c; sourceTree = "<group>"; };
		6D589C8616E4527B00ADD824 /* d_osc.c */ = {isa = PBXFileReference; fileEncoding = 4; lastKnownFileType = sourcecode.c.c; path = d_osc.c; sourceTree = "<group>"; };
		6D589C8716E4527B00ADD824 /* d_resample.c */ = {isa = PBXFileReference; fileEncoding = 4; lastKnownFileType = sourcecode.c.c; path = d_resample.c; sourceTree = "<group>"; };
		6D589C8816E4527B00ADD824 /* d_soundfile.c */ = {isa = PBXFileReference; fileEncoding = 4; lastKnownFileType = sourcecode.c.c; path = d_soundfile.c; sourceTree = "<group>"; };
		6D589C8916E4527B00ADD824 /* d_ugen.c */ = {isa = PBXFileReference; fileEncoding = 4; lastKnownFileType = sourcecode.c.c; path = d_ugen.c; sourceTree = "<group>"; };
		6D589C8A16E4527B00ADD824 /* g_all_guis.c */ = {isa = PBXFileReference; fileEncoding = 4; lastKnownFileType = sourcecode.c.c; path = g_all_guis.c; sourceTree = "<group>"; };
		6D589C8B16E4527B00ADD824 /* g_all_guis.h */ = {isa = PBXFileReference; fileEncoding = 4; lastKnownFileType = sourcecode.c.h; path = g_all_guis.h; sourceTree = "<group>"; };
		6D589C8C16E4527B00ADD824 /* g_array.c */ = {isa = PBXFileReference; fileEncoding = 4; lastKnownFileType = sourcecode.c.c; path = g_array.c; sourceTree = "<group>"; };
		6D589C8D16E4527B00ADD824 /* g_bang.c */ = {isa = PBXFileReference; fileEncoding = 4; lastKnownFileType = sourcecode.c.c; path = g_bang.c; sourceTree = "<group>"; };
		6D589C8E16E4527B00ADD824 /* g_canvas.c */ = {isa = PBXFileReference; fileEncoding = 4; lastKnownFileType = sourcecode.c.c; path = g_canvas.c; sourceTree = "<group>"; };
		6D589C8F16E4527B00ADD824 /* g_canvas.h */ = {isa = PBXFileReference; fileEncoding = 4; lastKnownFileType = sourcecode.c.h; path = g_canvas.h; sourceTree = "<group>"; };
		6D589C9016E4527B00ADD824 /* g_editor.c */ = {isa = PBXFileReference; fileEncoding = 4; lastKnownFileType = sourcecode.c.c; path = g_editor.c; sourceTree = "<group>"; };
		6D589C9116E4527B00ADD824 /* g_graph.c */ = {isa = PBXFileReference; fileEncoding = 4; lastKnownFileType = sourcecode.c.c; path = g_graph.c; sourceTree = "<group>"; };
		6D589C9216E4527B00ADD824 /* g_guiconnect.c */ = {isa = PBXFileReference; fileEncoding = 4; lastKnownFileType = sourcecode.c.c; path = g_guiconnect.c; sourceTree = "<group>"; };
		6D589C9316E4527B00ADD824 /* g_hdial.c */ = {isa = PBXFileReference; fileEncoding = 4; lastKnownFileType = sourcecode.c.c; path = g_hdial.c; sourceTree = "<group>"; };
		6D589C9416E4527B00ADD824 /* g_hslider.c */ = {isa = PBXFileReference; fileEncoding = 4; lastKnownFileType = sourcecode.c.c; path = g_hslider.c; sourceTree = "<group>"; };
		6D589C9516E4527B00ADD824 /* g_io.c */ = {isa = PBXFileReference; fileEncoding = 4; lastKnownFileType = sourcecode.c.c; path = g_io.c; sourceTree = "<group>"; };
		6D589C9616E4527B00ADD824 /* g_mycanvas.c */ = {isa = PBXFileReference; fileEncoding = 4; lastKnownFileType = sourcecode.c.c; path = g_mycanvas.c; sourceTree = "<group>"; };
		6D589C9716E4527B00ADD824 /* g_numbox.c */ = {isa = PBXFileReference; fileEncoding = 4; lastKnownFileType = sourcecode.c.c; path = g_numbox.c; sourceTree = "<group>"; };
		6D589C9816E4527B00ADD824 /* g_readwrite.c */ = {isa = PBXFileReference; fileEncoding = 4; lastKnownFileType = sourcecode.c.c; path = g_readwrite.c; sourceTree = "<group>"; };
		6D589C9916E4527B00ADD824 /* g_rtext.c */ = {isa = PBXFileReference; fileEncoding = 4; lastKnownFileType = sourcecode.c.c; path = g_rtext.c; sourceTree = "<group>"; };
		6D589C9A16E4527B00ADD824 /* g_scalar.c */ = {isa = PBXFileReference; fileEncoding = 4; lastKnownFileType = sourcecode.c.c; path = g_scalar.c; sourceTree = "<group>"; };
		6D589C9B16E4527B00ADD824 /* g_template.c */ = {isa = PBXFileReference; fileEncoding = 4; lastKnownFileType = sourcecode.c.c; path = g_template.c; sourceTree = "<group>"; };
		6D589C9C16E4527B00ADD824 /* g_text.c */ = {isa = PBXFileReference; fileEncoding = 4; lastKnownFileType = sourcecode.c.c; path = g_text.c; sourceTree = "<group>"; };
		6D589C9D16E4527B00ADD824 /* g_toggle.c */ = {isa = PBXFileReference; fileEncoding = 4; lastKnownFileType = sourcecode.c.c; path = g_toggle.c; sourceTree = "<group>"; };
		6D589C9E16E4527B00ADD824 /* g_traversal.c */ = {isa = PBXFileReference; fileEncoding = 4; lastKnownFileType = sourcecode.c.c; path = g_traversal.c; sourceTree = "<group>"; };
		6D589C9F16E4527B00ADD824 /* g_vdial.c */ = {isa = PBXFileReference; fileEncoding = 4; lastKnownFileType = sourcecode.c.c; path = g_vdial.c; sourceTree = "<group>"; };
		6D589CA016E4527B00ADD824 /* g_vslider.c */ = {isa = PBXFileReference; fileEncoding = 4; lastKnownFileType = sourcecode.c.c; path = g_vslider.c; sourceTree = "<group>"; };
		6D589CA116E4527B00ADD824 /* g_vumeter.c */ = {isa = PBXFileReference; fileEncoding = 4; lastKnownFileType = sourcecode.c.c; path = g_vumeter.c; sourceTree = "<group>"; };
		6D589CA216E4527B00ADD824 /* m_atom.c */ = {isa = PBXFileReference; fileEncoding = 4; lastKnownFileType = sourcecode.c.c; path = m_atom.c; sourceTree = "<group>"; };
		6D589CA316E4527B00ADD824 /* m_binbuf.c */ = {isa = PBXFileReference; fileEncoding = 4; lastKnownFileType = sourcecode.c.c; path = m_binbuf.c; sourceTree = "<group>"; };
		6D589CA416E4527B00ADD824 /* m_class.c */ = {isa = PBXFileReference; fileEncoding = 4; lastKnownFileType = sourcecode.c.c; path = m_class.c; sourceTree = "<group>"; };
		6D589CA516E4527B00ADD824 /* m_conf.c */ = {isa = PBXFileReference; fileEncoding = 4; lastKnownFileType = sourcecode.c.c; path = m_conf.c; sourceTree = "<group>"; };
		6D589CA616E4527B00ADD824 /* m_glob.c */ = {isa = PBXFileReference; fileEncoding = 4; lastKnownFileType = sourcecode.c.c; path = m_glob.c; sourceTree = "<group>"; };
		6D589CA716E4527B00ADD824 /* m_imp.h */ = {isa = PBXFileReference; fileEncoding = 4; lastKnownFileType = sourcecode.c.h; path = m_imp.h; sourceTree = "<group>"; };
		6D589CA816E4527B00ADD824 /* m_memory.c */ = {isa = PBXFileReference; fileEncoding = 4; lastKnownFileType = sourcecode.c.c; path = m_memory.c; sourceTree = "<group>"; };
		6D589CA916E4527B00ADD824 /* m_obj.c */ = {isa = PBXFileReference; fileEncoding = 4; lastKnownFileType = sourcecode.c.c; path = m_obj.c; sourceTree = "<group>"; };
		6D589CAA16E4527B00ADD824 /* m_pd.c */ = {isa = PBXFileReference; fileEncoding = 4; lastKnownFileType = sourcecode.c.c; path = m_pd.c; sourceTree = "<group>"; };
		6D589CAB16E4527B00ADD824 /* m_pd.h */ = {isa = PBXFileReference; fileEncoding = 4; lastKnownFileType = sourcecode.c.h; path = m_pd.h; sourceTree = "<group>"; };
		6D589CAC16E4527B00ADD824 /* m_sched.c */ = {isa = PBXFileReference; fileEncoding = 4; lastKnownFileType = sourcecode.c.c; path = m_sched.c; sourceTree = "<group>"; };
		6D589CAD16E4527B00ADD824 /* s_audio.c */ = {isa = PBXFileReference; fileEncoding = 4; lastKnownFileType = sourcecode.c.c; path = s_audio.c; sourceTree = "<group>"; };
		6D589CAE16E4527B00ADD824 /* s_audio_dummy.c */ = {isa = PBXFileReference; fileEncoding = 4; lastKnownFileType = sourcecode.c.c; path = s_audio_dummy.c; sourceTree = "<group>"; };
		6D589CAF16E4527B00ADD824 /* s_file.c */ = {isa = PBXFileReference; fileEncoding = 4; lastKnownFileType = sourcecode.c.c; path = s_file.c; sourceTree = "<group>"; };
		6D589CB016E4527B00ADD824 /* s_inter.c */ = {isa = PBXFileReference; fileEncoding = 4; lastKnownFileType = sourcecode.c.c; path = s_inter.c; sourceTree = "<group>"; };
		6D589CB116E4527B00ADD824 /* s_loader.c */ = {isa = PBXFileReference; fileEncoding = 4; lastKnownFileType = sourcecode.c.c; path = s_loader.c; sourceTree = "<group>"; };
		6D589CB216E4527B00ADD824 /* s_main.c */ = {isa = PBXFileReference; fileEncoding = 4; lastKnownFileType = sourcecode.c.c; path = s_main.c; sourceTree = "<group>"; };
		6D589CB316E4527B00ADD824 /* s_path.c */ = {isa = PBXFileReference; fileEncoding = 4; lastKnownFileType = sourcecode.c.c; path = s_path.c; sourceTree = "<group>"; };
		6D589CB416E4527B00ADD824 /* s_print.c */ = {isa = PBXFileReference; fileEncoding = 4; lastKnownFileType = sourcecode.c.c; path = s_print.c; sourceTree = "<group>"; };
		6D589CB516E4527B00ADD824 /* s_stuff.h */ = {isa = PBXFileReference; fileEncoding = 4; lastKnownFileType = sourcecode.c.h; path = s_stuff.h; sourceTree = "<group>"; };
		6D589CB616E4527B00ADD824 /* s_utf8.c */ = {isa = PBXFileReference; fileEncoding = 4; lastKnownFileType = sourcecode.c.c; path = s_utf8.c; sourceTree = "<group>"; };
		6D589CB716E4527B00ADD824 /* s_utf8.h */ = {isa = PBXFileReference; fileEncoding = 4; lastKnownFileType = sourcecode.c.h; path = s_utf8.h; sourceTree = "<group>"; };
		6D589CB816E4527B00ADD824 /* x_acoustics.c */ = {isa = PBXFileReference; fileEncoding = 4; lastKnownFileType = sourcecode.c.c; path = x_acoustics.c; sourceTree = "<group>"; };
		6D589CB916E4527B00ADD824 /* x_arithmetic.c */ = {isa = PBXFileReference; fileEncoding = 4; lastKnownFileType = sourcecode.c.c; path = x_arithmetic.c; sourceTree = "<group>"; };
		6D589CBA16E4527B00ADD824 /* x_connective.c */ = {isa = PBXFileReference; fileEncoding = 4; lastKnownFileType = sourcecode.c.c; path = x_connective.c; sourceTree = "<group>"; };
		6D589CBB16E4527B00ADD824 /* x_gui.c */ = {isa = PBXFileReference; fileEncoding = 4; lastKnownFileType = sourcecode.c.c; path = x_gui.c; sourceTree = "<group>"; };
		6D589CBC16E4527B00ADD824 /* x_interface.c */ = {isa = PBXFileReference; fileEncoding = 4; lastKnownFileType = sourcecode.c.c; path = x_interface.c; sourceTree = "<group>"; };
		6D589CBD16E4527B00ADD824 /* x_list.c */ = {isa = PBXFileReference; fileEncoding = 4; lastKnownFileType = sourcecode.c.c; path = x_list.c; sourceTree = "<group>"; };
		6D589CBE16E4527B00ADD824 /* x_midi.c */ = {isa = PBXFileReference; fileEncoding = 4; lastKnownFileType = sourcecode.c.c; path = x_midi.c; sourceTree = "<group>"; };
		6D589CBF16E4527B00ADD824 /* x_misc.c */ = {isa = PBXFileReference; fileEncoding = 4; lastKnownFileType = sourcecode.c.c; path = x_misc.c; sourceTree = "<group>"; };
		6D589CC016E4527B00ADD824 /* x_net.c */ = {isa = PBXFileReference; fileEncoding = 4; lastKnownFileType = sourcecode.c.c; path = x_net.c; sourceTree = "<group>"; };
		6D589CC116E4527B00ADD824 /* x_qlist.c */ = {isa = PBXFileReference; fileEncoding = 4; lastKnownFileType = sourcecode.c.c; path = x_qlist.c; sourceTree = "<group>"; };
		6D589CC216E4527B00ADD824 /* x_time.c */ = {isa = PBXFileReference; fileEncoding = 4; lastKnownFileType = sourcecode.c.c; path = x_time.c; sourceTree = "<group>"; };
		6D589CD116E4527B00ADD824 /* README.txt */ = {isa = PBXFileReference; fileEncoding = 4; lastKnownFileType = text; path = README.txt; sourceTree = "<group>"; };
		6DB02FF9170E61BA008A4483 /* C4PD.h */ = {isa = PBXFileReference; fileEncoding = 4; lastKnownFileType = sourcecode.c.h; path = C4PD.h; sourceTree = "<group>"; };
		6DB02FFA170E61BA008A4483 /* C4PD.m */ = {isa = PBXFileReference; fileEncoding = 4; lastKnownFileType = sourcecode.c.objc; path = C4PD.m; sourceTree = "<group>"; };
		6DD5899E16D5181C00CBA729 /* C4-libpd.app */ = {isa = PBXFileReference; explicitFileType = wrapper.application; includeInIndex = 0; path = "C4-libpd.app"; sourceTree = BUILT_PRODUCTS_DIR; };
		6DD589A116D5181C00CBA729 /* Accelerate.framework */ = {isa = PBXFileReference; lastKnownFileType = wrapper.framework; name = Accelerate.framework; path = System/Library/Frameworks/Accelerate.framework; sourceTree = SDKROOT; };
		6DD589A316D5181C00CBA729 /* AVFoundation.framework */ = {isa = PBXFileReference; lastKnownFileType = wrapper.framework; name = AVFoundation.framework; path = System/Library/Frameworks/AVFoundation.framework; sourceTree = SDKROOT; };
		6DD589A516D5181C00CBA729 /* CoreFoundation.framework */ = {isa = PBXFileReference; lastKnownFileType = wrapper.framework; name = CoreFoundation.framework; path = System/Library/Frameworks/CoreFoundation.framework; sourceTree = SDKROOT; };
		6DD589A716D5181C00CBA729 /* CoreGraphics.framework */ = {isa = PBXFileReference; lastKnownFileType = wrapper.framework; name = CoreGraphics.framework; path = System/Library/Frameworks/CoreGraphics.framework; sourceTree = SDKROOT; };
		6DD589A916D5181C00CBA729 /* CoreImage.framework */ = {isa = PBXFileReference; lastKnownFileType = wrapper.framework; name = CoreImage.framework; path = System/Library/Frameworks/CoreImage.framework; sourceTree = SDKROOT; };
		6DD589AB16D5181C00CBA729 /* CoreMedia.framework */ = {isa = PBXFileReference; lastKnownFileType = wrapper.framework; name = CoreMedia.framework; path = System/Library/Frameworks/CoreMedia.framework; sourceTree = SDKROOT; };
		6DD589AD16D5181C00CBA729 /* CoreText.framework */ = {isa = PBXFileReference; lastKnownFileType = wrapper.framework; name = CoreText.framework; path = System/Library/Frameworks/CoreText.framework; sourceTree = SDKROOT; };
		6DD589AF16D5181C00CBA729 /* Foundation.framework */ = {isa = PBXFileReference; lastKnownFileType = wrapper.framework; name = Foundation.framework; path = System/Library/Frameworks/Foundation.framework; sourceTree = SDKROOT; };
		6DD589B116D5181C00CBA729 /* OpenGLES.framework */ = {isa = PBXFileReference; lastKnownFileType = wrapper.framework; name = OpenGLES.framework; path = System/Library/Frameworks/OpenGLES.framework; sourceTree = SDKROOT; };
		6DD589B316D5181C00CBA729 /* QuartzCore.framework */ = {isa = PBXFileReference; lastKnownFileType = wrapper.framework; name = QuartzCore.framework; path = System/Library/Frameworks/QuartzCore.framework; sourceTree = SDKROOT; };
		6DD589B516D5181C00CBA729 /* UIKit.framework */ = {isa = PBXFileReference; lastKnownFileType = wrapper.framework; name = UIKit.framework; path = System/Library/Frameworks/UIKit.framework; sourceTree = SDKROOT; };
		6DD589B916D5181C00CBA729 /* C4-libpd-Info.plist */ = {isa = PBXFileReference; lastKnownFileType = text.plist.xml; path = "C4-libpd-Info.plist"; sourceTree = "<group>"; };
		6DD589BB16D5181C00CBA729 /* en */ = {isa = PBXFileReference; lastKnownFileType = text.plist.strings; name = en; path = en.lproj/InfoPlist.strings; sourceTree = "<group>"; };
		6DD589BD16D5181C00CBA729 /* main.m */ = {isa = PBXFileReference; lastKnownFileType = sourcecode.c.objc; path = main.m; sourceTree = "<group>"; };
		6DD589BF16D5181C00CBA729 /* C4-libpd-Prefix.pch */ = {isa = PBXFileReference; lastKnownFileType = sourcecode.c.h; path = "C4-libpd-Prefix.pch"; sourceTree = "<group>"; };
		6DD589C016D5181C00CBA729 /* C4WorkSpace.h */ = {isa = PBXFileReference; lastKnownFileType = sourcecode.c.h; path = C4WorkSpace.h; sourceTree = "<group>"; };
		6DD589C116D5181C00CBA729 /* C4AppDelegate.h */ = {isa = PBXFileReference; lastKnownFileType = sourcecode.c.h; path = C4AppDelegate.h; sourceTree = "<group>"; };
		6DD589C216D5181C00CBA729 /* C4AppDelegate.m */ = {isa = PBXFileReference; lastKnownFileType = sourcecode.c.objc; path = C4AppDelegate.m; sourceTree = "<group>"; };
		6DD589C416D5181C00CBA729 /* C4WorkSpace.m */ = {isa = PBXFileReference; lastKnownFileType = sourcecode.c.objc; path = C4WorkSpace.m; sourceTree = "<group>"; };
		6DD589C716D5181C00CBA729 /* C4AddSubview.h */ = {isa = PBXFileReference; lastKnownFileType = sourcecode.c.h; name = C4AddSubview.h; path = Headers/C4AddSubview.h; sourceTree = "<group>"; };
		6DD589C816D5181C00CBA729 /* C4AssertionHandler.h */ = {isa = PBXFileReference; lastKnownFileType = sourcecode.c.h; name = C4AssertionHandler.h; path = Headers/C4AssertionHandler.h; sourceTree = "<group>"; };
		6DD589C916D5181C00CBA729 /* C4Camera.h */ = {isa = PBXFileReference; lastKnownFileType = sourcecode.c.h; name = C4Camera.h; path = Headers/C4Camera.h; sourceTree = "<group>"; };
		6DD589CA16D5181C00CBA729 /* C4CameraController.h */ = {isa = PBXFileReference; lastKnownFileType = sourcecode.c.h; name = C4CameraController.h; path = Headers/C4CameraController.h; sourceTree = "<group>"; };
		6DD589CB16D5181C00CBA729 /* C4CanvasController.h */ = {isa = PBXFileReference; lastKnownFileType = sourcecode.c.h; name = C4CanvasController.h; path = Headers/C4CanvasController.h; sourceTree = "<group>"; };
		6DD589CC16D5181C00CBA729 /* C4CaptureVideoPreviewLayer.h */ = {isa = PBXFileReference; lastKnownFileType = sourcecode.c.h; name = C4CaptureVideoPreviewLayer.h; path = Headers/C4CaptureVideoPreviewLayer.h; sourceTree = "<group>"; };
		6DD589CD16D5181C00CBA729 /* C4Control.h */ = {isa = PBXFileReference; lastKnownFileType = sourcecode.c.h; name = C4Control.h; path = Headers/C4Control.h; sourceTree = "<group>"; };
		6DD589CE16D5181C00CBA729 /* C4Defines.h */ = {isa = PBXFileReference; lastKnownFileType = sourcecode.c.h; name = C4Defines.h; path = Headers/C4Defines.h; sourceTree = "<group>"; };
		6DD589CF16D5181C00CBA729 /* C4EAGLES1Renderer.h */ = {isa = PBXFileReference; lastKnownFileType = sourcecode.c.h; name = C4EAGLES1Renderer.h; path = Headers/C4EAGLES1Renderer.h; sourceTree = "<group>"; };
		6DD589D016D5181C00CBA729 /* C4EAGLESRenderer.h */ = {isa = PBXFileReference; lastKnownFileType = sourcecode.c.h; name = C4EAGLESRenderer.h; path = Headers/C4EAGLESRenderer.h; sourceTree = "<group>"; };
		6DD589D116D5181C00CBA729 /* C4EAGLLayer.h */ = {isa = PBXFileReference; lastKnownFileType = sourcecode.c.h; name = C4EAGLLayer.h; path = Headers/C4EAGLLayer.h; sourceTree = "<group>"; };
		6DD589D216D5181C00CBA729 /* C4Font.h */ = {isa = PBXFileReference; lastKnownFileType = sourcecode.c.h; name = C4Font.h; path = Headers/C4Font.h; sourceTree = "<group>"; };
		6DD589D316D5181C00CBA729 /* C4Foundation.h */ = {isa = PBXFileReference; lastKnownFileType = sourcecode.c.h; name = C4Foundation.h; path = Headers/C4Foundation.h; sourceTree = "<group>"; };
		6DD589D416D5181C00CBA729 /* C4Gesture.h */ = {isa = PBXFileReference; lastKnownFileType = sourcecode.c.h; name = C4Gesture.h; path = Headers/C4Gesture.h; sourceTree = "<group>"; };
		6DD589D516D5181C00CBA729 /* C4GL.h */ = {isa = PBXFileReference; lastKnownFileType = sourcecode.c.h; name = C4GL.h; path = Headers/C4GL.h; sourceTree = "<group>"; };
		6DD589D616D5181C00CBA729 /* C4GL1Renderer.h */ = {isa = PBXFileReference; lastKnownFileType = sourcecode.c.h; name = C4GL1Renderer.h; path = Headers/C4GL1Renderer.h; sourceTree = "<group>"; };
		6DD589D716D5181C00CBA729 /* C4Image.h */ = {isa = PBXFileReference; lastKnownFileType = sourcecode.c.h; name = C4Image.h; path = Headers/C4Image.h; sourceTree = "<group>"; };
		6DD589D816D5181C00CBA729 /* C4Label.h */ = {isa = PBXFileReference; lastKnownFileType = sourcecode.c.h; name = C4Label.h; path = Headers/C4Label.h; sourceTree = "<group>"; };
		6DD589D916D5181C00CBA729 /* C4Layer.h */ = {isa = PBXFileReference; lastKnownFileType = sourcecode.c.h; name = C4Layer.h; path = Headers/C4Layer.h; sourceTree = "<group>"; };
		6DD589DA16D5181C00CBA729 /* C4LayerAnimation.h */ = {isa = PBXFileReference; lastKnownFileType = sourcecode.c.h; name = C4LayerAnimation.h; path = Headers/C4LayerAnimation.h; sourceTree = "<group>"; };
		6DD589DB16D5181C00CBA729 /* C4Math.h */ = {isa = PBXFileReference; lastKnownFileType = sourcecode.c.h; name = C4Math.h; path = Headers/C4Math.h; sourceTree = "<group>"; };
		6DD589DC16D5181C00CBA729 /* C4MethodDelay.h */ = {isa = PBXFileReference; lastKnownFileType = sourcecode.c.h; name = C4MethodDelay.h; path = Headers/C4MethodDelay.h; sourceTree = "<group>"; };
		6DD589DD16D5181C00CBA729 /* C4Movie.h */ = {isa = PBXFileReference; lastKnownFileType = sourcecode.c.h; name = C4Movie.h; path = Headers/C4Movie.h; sourceTree = "<group>"; };
		6DD589DE16D5181C00CBA729 /* C4Notification.h */ = {isa = PBXFileReference; lastKnownFileType = sourcecode.c.h; name = C4Notification.h; path = Headers/C4Notification.h; sourceTree = "<group>"; };
		6DD589DF16D5181C00CBA729 /* C4Object.h */ = {isa = PBXFileReference; lastKnownFileType = sourcecode.c.h; name = C4Object.h; path = Headers/C4Object.h; sourceTree = "<group>"; };
		6DD589E016D5181C00CBA729 /* C4PlayerLayer.h */ = {isa = PBXFileReference; lastKnownFileType = sourcecode.c.h; name = C4PlayerLayer.h; path = Headers/C4PlayerLayer.h; sourceTree = "<group>"; };
		6DD589E116D5181C00CBA729 /* C4Sample.h */ = {isa = PBXFileReference; lastKnownFileType = sourcecode.c.h; name = C4Sample.h; path = Headers/C4Sample.h; sourceTree = "<group>"; };
		6DD589E216D5181C00CBA729 /* C4Shape.h */ = {isa = PBXFileReference; lastKnownFileType = sourcecode.c.h; name = C4Shape.h; path = Headers/C4Shape.h; sourceTree = "<group>"; };
		6DD589E316D5181C00CBA729 /* C4ShapeLayer.h */ = {isa = PBXFileReference; lastKnownFileType = sourcecode.c.h; name = C4ShapeLayer.h; path = Headers/C4ShapeLayer.h; sourceTree = "<group>"; };
		6DD589E416D5181C00CBA729 /* C4Timer.h */ = {isa = PBXFileReference; lastKnownFileType = sourcecode.c.h; name = C4Timer.h; path = Headers/C4Timer.h; sourceTree = "<group>"; };
		6DD589E516D5181C00CBA729 /* C4Vector.h */ = {isa = PBXFileReference; lastKnownFileType = sourcecode.c.h; name = C4Vector.h; path = Headers/C4Vector.h; sourceTree = "<group>"; };
		6DD589E616D5181C00CBA729 /* C4View.h */ = {isa = PBXFileReference; lastKnownFileType = sourcecode.c.h; name = C4View.h; path = Headers/C4View.h; sourceTree = "<group>"; };
		6DD589E716D5181C00CBA729 /* C4ViewController.h */ = {isa = PBXFileReference; lastKnownFileType = sourcecode.c.h; name = C4ViewController.h; path = Headers/C4ViewController.h; sourceTree = "<group>"; };
		6DD589E816D5181C00CBA729 /* C4Window.h */ = {isa = PBXFileReference; lastKnownFileType = sourcecode.c.h; name = C4Window.h; path = Headers/C4Window.h; sourceTree = "<group>"; };
		6DD589E916D5181C00CBA729 /* UITouch+C4Touch.h */ = {isa = PBXFileReference; lastKnownFileType = sourcecode.c.h; name = "UITouch+C4Touch.h"; path = "Headers/UITouch+C4Touch.h"; sourceTree = "<group>"; };
		6DD589EA16D5181C00CBA729 /* libC4.a */ = {isa = PBXFileReference; lastKnownFileType = archive.ar; name = libC4.a; path = Library/libC4.a; sourceTree = "<group>"; };
		6DD589ED16D5181C00CBA729 /* C4Loop.aif */ = {isa = PBXFileReference; lastKnownFileType = file; name = C4Loop.aif; path = Media/C4Loop.aif; sourceTree = "<group>"; };
		6DD589EF16D5181C00CBA729 /* C4Sky.png */ = {isa = PBXFileReference; lastKnownFileType = image.png; name = C4Sky.png; path = Media/C4Sky.png; sourceTree = "<group>"; };
		6DD589F116D5181C00CBA729 /* C4Table.png */ = {isa = PBXFileReference; lastKnownFileType = image.png; name = C4Table.png; path = Media/C4Table.png; sourceTree = "<group>"; };
		6DD589F316D5181C00CBA729 /* inception.mov */ = {isa = PBXFileReference; lastKnownFileType = video.quicktime; name = inception.mov; path = Media/inception.mov; sourceTree = "<group>"; };
		6DD589F616D5181C00CBA729 /* iTunesArtwork.png */ = {isa = PBXFileReference; lastKnownFileType = image.png; name = iTunesArtwork.png; path = Logos/iTunesArtwork.png; sourceTree = "<group>"; };
		6DD589F916D5181C00CBA729 /* en */ = {isa = PBXFileReference; lastKnownFileType = file.xib; name = en; path = en.lproj/C4Canvas.xib; sourceTree = "<group>"; };
		6DD589FB16D5181C00CBA729 /* C4_AppIcon_iPad.png */ = {isa = PBXFileReference; lastKnownFileType = image.png; name = C4_AppIcon_iPad.png; path = Logos/C4_AppIcon_iPad.png; sourceTree = "<group>"; };
		6DD589FD16D5181C00CBA729 /* C4_AppIcon_iPad@2x.png */ = {isa = PBXFileReference; lastKnownFileType = image.png; name = "C4_AppIcon_iPad@2x.png"; path = "Logos/C4_AppIcon_iPad@2x.png"; sourceTree = "<group>"; };
		6DD589FF16D5181C00CBA729 /* C4_AppStoreIcon.png */ = {isa = PBXFileReference; lastKnownFileType = image.png; name = C4_AppStoreIcon.png; path = Logos/C4_AppStoreIcon.png; sourceTree = "<group>"; };
		6DD58A0116D5181C00CBA729 /* C4_AppStoreIcon@2x.png */ = {isa = PBXFileReference; lastKnownFileType = image.png; name = "C4_AppStoreIcon@2x.png"; path = "Logos/C4_AppStoreIcon@2x.png"; sourceTree = "<group>"; };
		6DD58A0316D5181C00CBA729 /* C4_LaunchImage_iPad-Landscape.png */ = {isa = PBXFileReference; lastKnownFileType = image.png; name = "C4_LaunchImage_iPad-Landscape.png"; path = "Logos/C4_LaunchImage_iPad-Landscape.png"; sourceTree = "<group>"; };
		6DD58A0516D5181C00CBA729 /* C4_LaunchImage_iPad-Landscape@2x.png */ = {isa = PBXFileReference; lastKnownFileType = image.png; name = "C4_LaunchImage_iPad-Landscape@2x.png"; path = "Logos/C4_LaunchImage_iPad-Landscape@2x.png"; sourceTree = "<group>"; };
		6DD58A0716D5181C00CBA729 /* C4_LaunchImage_iPad-Portrait.png */ = {isa = PBXFileReference; lastKnownFileType = image.png; name = "C4_LaunchImage_iPad-Portrait.png"; path = "Logos/C4_LaunchImage_iPad-Portrait.png"; sourceTree = "<group>"; };
		6DD58A0916D5181C00CBA729 /* C4_LaunchImage_iPad-Portrait@2x.png */ = {isa = PBXFileReference; lastKnownFileType = image.png; name = "C4_LaunchImage_iPad-Portrait@2x.png"; path = "Logos/C4_LaunchImage_iPad-Portrait@2x.png"; sourceTree = "<group>"; };
		6DD58A0B16D5181C00CBA729 /* C4_SpotlightIcon.png */ = {isa = PBXFileReference; lastKnownFileType = image.png; name = C4_SpotlightIcon.png; path = Logos/C4_SpotlightIcon.png; sourceTree = "<group>"; };
		6DD58A0D16D5181C00CBA729 /* C4_SpotlightIcon@2x.png */ = {isa = PBXFileReference; lastKnownFileType = image.png; name = "C4_SpotlightIcon@2x.png"; path = "Logos/C4_SpotlightIcon@2x.png"; sourceTree = "<group>"; };
		6DD58A0F16D5181C00CBA729 /* C4_SpotlightIcon_iPad.png */ = {isa = PBXFileReference; lastKnownFileType = image.png; name = C4_SpotlightIcon_iPad.png; path = Logos/C4_SpotlightIcon_iPad.png; sourceTree = "<group>"; };
		6DD58A1116D5181C00CBA729 /* C4_SpotlightIcon_iPad@2x.png */ = {isa = PBXFileReference; lastKnownFileType = image.png; name = "C4_SpotlightIcon_iPad@2x.png"; path = "Logos/C4_SpotlightIcon_iPad@2x.png"; sourceTree = "<group>"; };
		6DD58A1316D5181C00CBA729 /* C4_TabbarIcon.png */ = {isa = PBXFileReference; lastKnownFileType = image.png; name = C4_TabbarIcon.png; path = Logos/C4_TabbarIcon.png; sourceTree = "<group>"; };
		6DD58A1516D5181C00CBA729 /* C4_TabbarIcon@2x.png */ = {isa = PBXFileReference; lastKnownFileType = image.png; name = "C4_TabbarIcon@2x.png"; path = "Logos/C4_TabbarIcon@2x.png"; sourceTree = "<group>"; };
		6DD58A1716D5181C00CBA729 /* C4_ToolbarIcon.png */ = {isa = PBXFileReference; lastKnownFileType = image.png; name = C4_ToolbarIcon.png; path = Logos/C4_ToolbarIcon.png; sourceTree = "<group>"; };
		6DD58A1916D5181C00CBA729 /* C4_ToolbarIcon@2x.png */ = {isa = PBXFileReference; lastKnownFileType = image.png; name = "C4_ToolbarIcon@2x.png"; path = "Logos/C4_ToolbarIcon@2x.png"; sourceTree = "<group>"; };
		6DD58A2016D518B300CBA729 /* Readme.md */ = {isa = PBXFileReference; lastKnownFileType = text; path = Readme.md; sourceTree = "<group>"; };
		6DE56E9916D544590078E025 /* AudioToolbox.framework */ = {isa = PBXFileReference; lastKnownFileType = wrapper.framework; name = AudioToolbox.framework; path = System/Library/Frameworks/AudioToolbox.framework; sourceTree = SDKROOT; };
		6DE7642116D5785A00AC7628 /* C4PureData.h */ = {isa = PBXFileReference; fileEncoding = 4; lastKnownFileType = sourcecode.c.h; path = C4PureData.h; sourceTree = "<group>"; };
		6DE7642216D5785A00AC7628 /* C4PureData.m */ = {isa = PBXFileReference; fileEncoding = 4; lastKnownFileType = sourcecode.c.objc; path = C4PureData.m; sourceTree = "<group>"; };
/* End PBXFileReference section */

/* Begin PBXFrameworksBuildPhase section */
		6DD5899B16D5181C00CBA729 /* Frameworks */ = {
			isa = PBXFrameworksBuildPhase;
			buildActionMask = 2147483647;
			files = (
				6DE56E9A16D544590078E025 /* AudioToolbox.framework in Frameworks */,
				6DD589A216D5181C00CBA729 /* Accelerate.framework in Frameworks */,
				6DD589A416D5181C00CBA729 /* AVFoundation.framework in Frameworks */,
				6DD589A616D5181C00CBA729 /* CoreFoundation.framework in Frameworks */,
				6DD589A816D5181C00CBA729 /* CoreGraphics.framework in Frameworks */,
				6DD589AA16D5181C00CBA729 /* CoreImage.framework in Frameworks */,
				6DD589AC16D5181C00CBA729 /* CoreMedia.framework in Frameworks */,
				6DD589AE16D5181C00CBA729 /* CoreText.framework in Frameworks */,
				6DD589B016D5181C00CBA729 /* Foundation.framework in Frameworks */,
				6DD589B216D5181C00CBA729 /* OpenGLES.framework in Frameworks */,
				6DD589B416D5181C00CBA729 /* QuartzCore.framework in Frameworks */,
				6DD589B616D5181C00CBA729 /* UIKit.framework in Frameworks */,
				6DD589EB16D5181C00CBA729 /* libC4.a in Frameworks */,
			);
			runOnlyForDeploymentPostprocessing = 0;
		};
/* End PBXFrameworksBuildPhase section */

/* Begin PBXGroup section */
		6D011A7A178FD130003717D6 /* TheAmazingAudioEngine */ = {
			isa = PBXGroup;
			children = (
				6D011A7B178FD130003717D6 /* AEAudioController+Audiobus.h */,
				6D011A7C178FD130003717D6 /* AEAudioController+Audiobus.m */,
				6D011A7D178FD130003717D6 /* AEAudioController+AudiobusStub.h */,
				6D011A7E178FD130003717D6 /* AEAudioController.h */,
				6D011A7F178FD130003717D6 /* AEAudioController.m */,
				6D011A80178FD130003717D6 /* AEAudioFileLoaderOperation.h */,
				6D011A81178FD130003717D6 /* AEAudioFileLoaderOperation.m */,
				6D011A82178FD130003717D6 /* AEAudioFilePlayer.h */,
				6D011A83178FD130003717D6 /* AEAudioFilePlayer.m */,
				6D011A84178FD130003717D6 /* AEAudioFileWriter.h */,
				6D011A85178FD130003717D6 /* AEAudioFileWriter.m */,
				6D011A86178FD130003717D6 /* AEAudioUnitChannel.h */,
				6D011A87178FD130003717D6 /* AEAudioUnitChannel.m */,
				6D011A88178FD130003717D6 /* AEAudioUnitFilter.h */,
				6D011A89178FD130003717D6 /* AEAudioUnitFilter.m */,
				6D011A8A178FD130003717D6 /* AEBlockAudioReceiver.h */,
				6D011A8B178FD130003717D6 /* AEBlockAudioReceiver.m */,
				6D011A8C178FD130003717D6 /* AEBlockChannel.h */,
				6D011A8D178FD130003717D6 /* AEBlockChannel.m */,
				6D011A8E178FD130003717D6 /* AEBlockFilter.h */,
				6D011A8F178FD130003717D6 /* AEBlockFilter.m */,
				6D011A90178FD130003717D6 /* AEFloatConverter.h */,
				6D011A91178FD130003717D6 /* AEFloatConverter.m */,
				6D011A92178FD130003717D6 /* AEUtilities.c */,
				6D011A93178FD130003717D6 /* AEUtilities.h */,
				6D011A94178FD130003717D6 /* Library */,
				6D011A9B178FD130003717D6 /* TheAmazingAudioEngine-Prefix.pch */,
				6D011A9C178FD130003717D6 /* TheAmazingAudioEngine.h */,
			);
			path = TheAmazingAudioEngine;
			sourceTree = "<group>";
		};
		6D011A94178FD130003717D6 /* Library */ = {
			isa = PBXGroup;
			children = (
				6D011A95178FD130003717D6 /* TPCircularBuffer */,
			);
			path = Library;
			sourceTree = "<group>";
		};
		6D011A95178FD130003717D6 /* TPCircularBuffer */ = {
			isa = PBXGroup;
			children = (
				6D011A96178FD130003717D6 /* README.markdown */,
				6D011A97178FD130003717D6 /* TPCircularBuffer+AudioBufferList.c */,
				6D011A98178FD130003717D6 /* TPCircularBuffer+AudioBufferList.h */,
				6D011A99178FD130003717D6 /* TPCircularBuffer.c */,
				6D011A9A178FD130003717D6 /* TPCircularBuffer.h */,
			);
			path = TPCircularBuffer;
			sourceTree = "<group>";
		};
		6D589BF516E4527A00ADD824 /* libpd */ = {
			isa = PBXGroup;
			children = (
				6D589C3016E4527A00ADD824 /* libpd_wrapper */,
				6D589C4516E4527A00ADD824 /* LICENSE.txt */,
				6D589C4616E4527A00ADD824 /* Makefile */,
				6D589C4716E4527A00ADD824 /* mingw_build.bat */,
				6D589C4816E4527A00ADD824 /* objc */,
				6D589C5716E4527A00ADD824 /* pure-data */,
				6D589CD116E4527B00ADD824 /* README.txt */,
			);
			name = libpd;
			path = ../libpd;
			sourceTree = "<group>";
		};
		6D589C3016E4527A00ADD824 /* libpd_wrapper */ = {
			isa = PBXGroup;
			children = (
				6D589C3116E4527A00ADD824 /* s_libpdmidi.c */,
				6D589C3216E4527A00ADD824 /* util */,
				6D589C3B16E4527A00ADD824 /* x_libpdreceive.c */,
				6D589C3C16E4527A00ADD824 /* x_libpdreceive.h */,
				6D589C3D16E4527A00ADD824 /* z_libpd.c */,
				6D589C3E16E4527A00ADD824 /* z_libpd.h */,
			);
			path = libpd_wrapper;
			sourceTree = "<group>";
		};
		6D589C3216E4527A00ADD824 /* util */ = {
			isa = PBXGroup;
			children = (
				6D589C3316E4527A00ADD824 /* ringbuffer.c */,
				6D589C3416E4527A00ADD824 /* ringbuffer.h */,
				6D589C3516E4527A00ADD824 /* z_hook_util.c */,
				6D589C3616E4527A00ADD824 /* z_hook_util.h */,
				6D589C3716E4527A00ADD824 /* z_print_util.c */,
				6D589C3816E4527A00ADD824 /* z_print_util.h */,
				6D589C3916E4527A00ADD824 /* z_queued.c */,
				6D589C3A16E4527A00ADD824 /* z_queued.h */,
			);
			path = util;
			sourceTree = "<group>";
		};
		6D589C4816E4527A00ADD824 /* objc */ = {
			isa = PBXGroup;
			children = (
				6D589C4916E4527A00ADD824 /* AudioHelpers.h */,
				6D589C4A16E4527A00ADD824 /* AudioHelpers.m */,
				6D589C4B16E4527A00ADD824 /* PdAudioController.h */,
				6D589C4C16E4527A00ADD824 /* PdAudioController.m */,
				6D589C4D16E4527A00ADD824 /* PdAudioUnit.h */,
				6D589C4E16E4527A00ADD824 /* PdAudioUnit.m */,
				6D589C4F16E4527A00ADD824 /* PdBase.h */,
				6D589C5016E4527A00ADD824 /* PdBase.m */,
				6D589C5116E4527A00ADD824 /* PdDispatcher.h */,
				6D589C5216E4527A00ADD824 /* PdDispatcher.m */,
				6D589C5316E4527A00ADD824 /* PdFile.h */,
				6D589C5416E4527A00ADD824 /* PdFile.m */,
				6D589C5516E4527A00ADD824 /* PdMidiDispatcher.h */,
				6D589C5616E4527A00ADD824 /* PdMidiDispatcher.m */,
			);
			path = objc;
			sourceTree = "<group>";
		};
		6D589C5716E4527A00ADD824 /* pure-data */ = {
			isa = PBXGroup;
			children = (
				6D589C7916E4527B00ADD824 /* src */,
			);
			path = "pure-data";
			sourceTree = "<group>";
		};
		6D589C7916E4527B00ADD824 /* src */ = {
			isa = PBXGroup;
			children = (
				6D589C7A16E4527B00ADD824 /* d_arithmetic.c */,
				6D589C7B16E4527B00ADD824 /* d_array.c */,
				6D589C7C16E4527B00ADD824 /* d_ctl.c */,
				6D589C7D16E4527B00ADD824 /* d_dac.c */,
				6D589C7E16E4527B00ADD824 /* d_delay.c */,
				6D589C7F16E4527B00ADD824 /* d_fft.c */,
				6D589C8016E4527B00ADD824 /* d_fft_mayer.c */,
				6D589C8116E4527B00ADD824 /* d_fftroutine.c */,
				6D589C8216E4527B00ADD824 /* d_filter.c */,
				6D589C8316E4527B00ADD824 /* d_global.c */,
				6D589C8416E4527B00ADD824 /* d_math.c */,
				6D589C8516E4527B00ADD824 /* d_misc.c */,
				6D589C8616E4527B00ADD824 /* d_osc.c */,
				6D589C8716E4527B00ADD824 /* d_resample.c */,
				6D589C8816E4527B00ADD824 /* d_soundfile.c */,
				6D589C8916E4527B00ADD824 /* d_ugen.c */,
				6D589C8A16E4527B00ADD824 /* g_all_guis.c */,
				6D589C8B16E4527B00ADD824 /* g_all_guis.h */,
				6D589C8C16E4527B00ADD824 /* g_array.c */,
				6D589C8D16E4527B00ADD824 /* g_bang.c */,
				6D589C8E16E4527B00ADD824 /* g_canvas.c */,
				6D589C8F16E4527B00ADD824 /* g_canvas.h */,
				6D589C9016E4527B00ADD824 /* g_editor.c */,
				6D589C9116E4527B00ADD824 /* g_graph.c */,
				6D589C9216E4527B00ADD824 /* g_guiconnect.c */,
				6D589C9316E4527B00ADD824 /* g_hdial.c */,
				6D589C9416E4527B00ADD824 /* g_hslider.c */,
				6D589C9516E4527B00ADD824 /* g_io.c */,
				6D589C9616E4527B00ADD824 /* g_mycanvas.c */,
				6D589C9716E4527B00ADD824 /* g_numbox.c */,
				6D589C9816E4527B00ADD824 /* g_readwrite.c */,
				6D589C9916E4527B00ADD824 /* g_rtext.c */,
				6D589C9A16E4527B00ADD824 /* g_scalar.c */,
				6D589C9B16E4527B00ADD824 /* g_template.c */,
				6D589C9C16E4527B00ADD824 /* g_text.c */,
				6D589C9D16E4527B00ADD824 /* g_toggle.c */,
				6D589C9E16E4527B00ADD824 /* g_traversal.c */,
				6D589C9F16E4527B00ADD824 /* g_vdial.c */,
				6D589CA016E4527B00ADD824 /* g_vslider.c */,
				6D589CA116E4527B00ADD824 /* g_vumeter.c */,
				6D589CA216E4527B00ADD824 /* m_atom.c */,
				6D589CA316E4527B00ADD824 /* m_binbuf.c */,
				6D589CA416E4527B00ADD824 /* m_class.c */,
				6D589CA516E4527B00ADD824 /* m_conf.c */,
				6D589CA616E4527B00ADD824 /* m_glob.c */,
				6D589CA716E4527B00ADD824 /* m_imp.h */,
				6D589CA816E4527B00ADD824 /* m_memory.c */,
				6D589CA916E4527B00ADD824 /* m_obj.c */,
				6D589CAA16E4527B00ADD824 /* m_pd.c */,
				6D589CAB16E4527B00ADD824 /* m_pd.h */,
				6D589CAC16E4527B00ADD824 /* m_sched.c */,
				6D589CAD16E4527B00ADD824 /* s_audio.c */,
				6D589CAE16E4527B00ADD824 /* s_audio_dummy.c */,
				6D589CAF16E4527B00ADD824 /* s_file.c */,
				6D589CB016E4527B00ADD824 /* s_inter.c */,
				6D589CB116E4527B00ADD824 /* s_loader.c */,
				6D589CB216E4527B00ADD824 /* s_main.c */,
				6D589CB316E4527B00ADD824 /* s_path.c */,
				6D589CB416E4527B00ADD824 /* s_print.c */,
				6D589CB516E4527B00ADD824 /* s_stuff.h */,
				6D589CB616E4527B00ADD824 /* s_utf8.c */,
				6D589CB716E4527B00ADD824 /* s_utf8.h */,
				6D589CB816E4527B00ADD824 /* x_acoustics.c */,
				6D589CB916E4527B00ADD824 /* x_arithmetic.c */,
				6D589CBA16E4527B00ADD824 /* x_connective.c */,
				6D589CBB16E4527B00ADD824 /* x_gui.c */,
				6D589CBC16E4527B00ADD824 /* x_interface.c */,
				6D589CBD16E4527B00ADD824 /* x_list.c */,
				6D589CBE16E4527B00ADD824 /* x_midi.c */,
				6D589CBF16E4527B00ADD824 /* x_misc.c */,
				6D589CC016E4527B00ADD824 /* x_net.c */,
				6D589CC116E4527B00ADD824 /* x_qlist.c */,
				6D589CC216E4527B00ADD824 /* x_time.c */,
			);
			path = src;
			sourceTree = "<group>";
		};
		6DD5899516D5181C00CBA729 = {
			isa = PBXGroup;
			children = (
				6DD58A2016D518B300CBA729 /* Readme.md */,
				6DD589B716D5181C00CBA729 /* C4-libpd */,
				6DD589A016D5181C00CBA729 /* Frameworks */,
				6DD5899F16D5181C00CBA729 /* Products */,
			);
			sourceTree = "<group>";
		};
		6DD5899F16D5181C00CBA729 /* Products */ = {
			isa = PBXGroup;
			children = (
				6DD5899E16D5181C00CBA729 /* C4-libpd.app */,
			);
			name = Products;
			sourceTree = "<group>";
		};
		6DD589A016D5181C00CBA729 /* Frameworks */ = {
			isa = PBXGroup;
			children = (
				6DE56E9916D544590078E025 /* AudioToolbox.framework */,
				6DD589A116D5181C00CBA729 /* Accelerate.framework */,
				6DD589A316D5181C00CBA729 /* AVFoundation.framework */,
				6DD589A516D5181C00CBA729 /* CoreFoundation.framework */,
				6DD589A716D5181C00CBA729 /* CoreGraphics.framework */,
				6DD589A916D5181C00CBA729 /* CoreImage.framework */,
				6DD589AB16D5181C00CBA729 /* CoreMedia.framework */,
				6DD589AD16D5181C00CBA729 /* CoreText.framework */,
				6DD589AF16D5181C00CBA729 /* Foundation.framework */,
				6DD589B116D5181C00CBA729 /* OpenGLES.framework */,
				6DD589B316D5181C00CBA729 /* QuartzCore.framework */,
				6DD589B516D5181C00CBA729 /* UIKit.framework */,
			);
			name = Frameworks;
			sourceTree = "<group>";
		};
		6DD589B716D5181C00CBA729 /* C4-libpd */ = {
			isa = PBXGroup;
			children = (
				6DD589C416D5181C00CBA729 /* C4WorkSpace.m */,
				6DD589C616D5181C00CBA729 /* Framework */,
				6DD589EC16D5181C00CBA729 /* Media */,
				6DD589F516D5181C00CBA729 /* Logos */,
				6DD589B816D5181C00CBA729 /* Supporting Files */,
			);
			path = "C4-libpd";
			sourceTree = "<group>";
		};
		6DD589B816D5181C00CBA729 /* Supporting Files */ = {
			isa = PBXGroup;
			children = (
				6D1AEF1E16E9249A005DA854 /* boop.pd */,
				6D1AEF1016E923F0005DA854 /* demo.pd */,
				6D1AEF1116E923F6005DA854 /* bassline1.pd */,
				6D1AEF1616E92417005DA854 /* sequence1.pd */,
				6D1AEF1216E923FF005DA854 /* sequence2.pd */,
				6D1AEF1316E92404005DA854 /* backgroundsequence1.pd */,
				6D1AEF1416E9240C005DA854 /* drums1.pd */,
				6D2876C116E068A800EAB5B2 /* simpleXYsynth.pd */,
				6DB02FF9170E61BA008A4483 /* C4PD.h */,
				6DB02FFA170E61BA008A4483 /* C4PD.m */,
				6DE7642116D5785A00AC7628 /* C4PureData.h */,
				6DE7642216D5785A00AC7628 /* C4PureData.m */,
				6DD589B916D5181C00CBA729 /* C4-libpd-Info.plist */,
				6DD589BA16D5181C00CBA729 /* InfoPlist.strings */,
				6DD589BD16D5181C00CBA729 /* main.m */,
				6DD589BF16D5181C00CBA729 /* C4-libpd-Prefix.pch */,
				6DD589C016D5181C00CBA729 /* C4WorkSpace.h */,
				6DD589C116D5181C00CBA729 /* C4AppDelegate.h */,
				6DD589C216D5181C00CBA729 /* C4AppDelegate.m */,
				6DD589F816D5181C00CBA729 /* C4Canvas.xib */,
				6D589BF516E4527A00ADD824 /* libpd */,
				6D011A7A178FD130003717D6 /* TheAmazingAudioEngine */,
			);
			name = "Supporting Files";
			sourceTree = "<group>";
		};
		6DD589C616D5181C00CBA729 /* Framework */ = {
			isa = PBXGroup;
			children = (
				6DD589C716D5181C00CBA729 /* C4AddSubview.h */,
				6DD589C816D5181C00CBA729 /* C4AssertionHandler.h */,
				6DD589C916D5181C00CBA729 /* C4Camera.h */,
				6DD589CA16D5181C00CBA729 /* C4CameraController.h */,
				6DD589CB16D5181C00CBA729 /* C4CanvasController.h */,
				6DD589CC16D5181C00CBA729 /* C4CaptureVideoPreviewLayer.h */,
				6DD589CD16D5181C00CBA729 /* C4Control.h */,
				6DD589CE16D5181C00CBA729 /* C4Defines.h */,
				6DD589CF16D5181C00CBA729 /* C4EAGLES1Renderer.h */,
				6DD589D016D5181C00CBA729 /* C4EAGLESRenderer.h */,
				6DD589D116D5181C00CBA729 /* C4EAGLLayer.h */,
				6DD589D216D5181C00CBA729 /* C4Font.h */,
				6DD589D316D5181C00CBA729 /* C4Foundation.h */,
				6DD589D416D5181C00CBA729 /* C4Gesture.h */,
				6DD589D516D5181C00CBA729 /* C4GL.h */,
				6DD589D616D5181C00CBA729 /* C4GL1Renderer.h */,
				6DD589D716D5181C00CBA729 /* C4Image.h */,
				6DD589D816D5181C00CBA729 /* C4Label.h */,
				6DD589D916D5181C00CBA729 /* C4Layer.h */,
				6DD589DA16D5181C00CBA729 /* C4LayerAnimation.h */,
				6DD589DB16D5181C00CBA729 /* C4Math.h */,
				6DD589DC16D5181C00CBA729 /* C4MethodDelay.h */,
				6DD589DD16D5181C00CBA729 /* C4Movie.h */,
				6DD589DE16D5181C00CBA729 /* C4Notification.h */,
				6DD589DF16D5181C00CBA729 /* C4Object.h */,
				6DD589E016D5181C00CBA729 /* C4PlayerLayer.h */,
				6DD589E116D5181C00CBA729 /* C4Sample.h */,
				6DD589E216D5181C00CBA729 /* C4Shape.h */,
				6DD589E316D5181C00CBA729 /* C4ShapeLayer.h */,
				6DD589E416D5181C00CBA729 /* C4Timer.h */,
				6DD589E516D5181C00CBA729 /* C4Vector.h */,
				6DD589E616D5181C00CBA729 /* C4View.h */,
				6DD589E716D5181C00CBA729 /* C4ViewController.h */,
				6DD589E816D5181C00CBA729 /* C4Window.h */,
				6DD589E916D5181C00CBA729 /* UITouch+C4Touch.h */,
				6DD589EA16D5181C00CBA729 /* libC4.a */,
			);
			name = Framework;
			sourceTree = "<group>";
		};
		6DD589EC16D5181C00CBA729 /* Media */ = {
			isa = PBXGroup;
			children = (
				6DD589ED16D5181C00CBA729 /* C4Loop.aif */,
				6DD589EF16D5181C00CBA729 /* C4Sky.png */,
				6DD589F116D5181C00CBA729 /* C4Table.png */,
				6DD589F316D5181C00CBA729 /* inception.mov */,
			);
			name = Media;
			sourceTree = "<group>";
		};
		6DD589F516D5181C00CBA729 /* Logos */ = {
			isa = PBXGroup;
			children = (
				6DD589F616D5181C00CBA729 /* iTunesArtwork.png */,
				6DD589FB16D5181C00CBA729 /* C4_AppIcon_iPad.png */,
				6DD589FD16D5181C00CBA729 /* C4_AppIcon_iPad@2x.png */,
				6DD589FF16D5181C00CBA729 /* C4_AppStoreIcon.png */,
				6DD58A0116D5181C00CBA729 /* C4_AppStoreIcon@2x.png */,
				6DD58A0316D5181C00CBA729 /* C4_LaunchImage_iPad-Landscape.png */,
				6DD58A0516D5181C00CBA729 /* C4_LaunchImage_iPad-Landscape@2x.png */,
				6DD58A0716D5181C00CBA729 /* C4_LaunchImage_iPad-Portrait.png */,
				6DD58A0916D5181C00CBA729 /* C4_LaunchImage_iPad-Portrait@2x.png */,
				6DD58A0B16D5181C00CBA729 /* C4_SpotlightIcon.png */,
				6DD58A0D16D5181C00CBA729 /* C4_SpotlightIcon@2x.png */,
				6DD58A0F16D5181C00CBA729 /* C4_SpotlightIcon_iPad.png */,
				6DD58A1116D5181C00CBA729 /* C4_SpotlightIcon_iPad@2x.png */,
				6DD58A1316D5181C00CBA729 /* C4_TabbarIcon.png */,
				6DD58A1516D5181C00CBA729 /* C4_TabbarIcon@2x.png */,
				6DD58A1716D5181C00CBA729 /* C4_ToolbarIcon.png */,
				6DD58A1916D5181C00CBA729 /* C4_ToolbarIcon@2x.png */,
			);
			name = Logos;
			sourceTree = "<group>";
		};
/* End PBXGroup section */

/* Begin PBXNativeTarget section */
		6DD5899D16D5181C00CBA729 /* C4-libpd */ = {
			isa = PBXNativeTarget;
			buildConfigurationList = 6DD58A1D16D5181C00CBA729 /* Build configuration list for PBXNativeTarget "C4-libpd" */;
			buildPhases = (
				6DD5899A16D5181C00CBA729 /* Sources */,
				6DD5899B16D5181C00CBA729 /* Frameworks */,
				6DD5899C16D5181C00CBA729 /* Resources */,
			);
			buildRules = (
			);
			dependencies = (
			);
			name = "C4-libpd";
			productName = "C4-libpd";
			productReference = 6DD5899E16D5181C00CBA729 /* C4-libpd.app */;
			productType = "com.apple.product-type.application";
		};
/* End PBXNativeTarget section */

/* Begin PBXProject section */
		6DD5899616D5181C00CBA729 /* Project object */ = {
			isa = PBXProject;
			attributes = {
				LastUpgradeCheck = 0460;
				ORGANIZATIONNAME = "Adam Tindale";
			};
			buildConfigurationList = 6DD5899916D5181C00CBA729 /* Build configuration list for PBXProject "C4-libpd" */;
			compatibilityVersion = "Xcode 3.2";
			developmentRegion = English;
			hasScannedForEncodings = 0;
			knownRegions = (
				en,
			);
			mainGroup = 6DD5899516D5181C00CBA729;
			productRefGroup = 6DD5899F16D5181C00CBA729 /* Products */;
			projectDirPath = "";
			projectRoot = "";
			targets = (
				6DD5899D16D5181C00CBA729 /* C4-libpd */,
			);
		};
/* End PBXProject section */

/* Begin PBXResourcesBuildPhase section */
		6DD5899C16D5181C00CBA729 /* Resources */ = {
			isa = PBXResourcesBuildPhase;
			buildActionMask = 2147483647;
			files = (
				6DD589BC16D5181C00CBA729 /* InfoPlist.strings in Resources */,
				6DD589EE16D5181C00CBA729 /* C4Loop.aif in Resources */,
				6DD589F016D5181C00CBA729 /* C4Sky.png in Resources */,
				6DD589F216D5181C00CBA729 /* C4Table.png in Resources */,
				6DD589F416D5181C00CBA729 /* inception.mov in Resources */,
				6DD589F716D5181C00CBA729 /* iTunesArtwork.png in Resources */,
				6DD589FA16D5181C00CBA729 /* C4Canvas.xib in Resources */,
				6DD589FC16D5181C00CBA729 /* C4_AppIcon_iPad.png in Resources */,
				6DD589FE16D5181C00CBA729 /* C4_AppIcon_iPad@2x.png in Resources */,
				6DD58A0016D5181C00CBA729 /* C4_AppStoreIcon.png in Resources */,
				6DD58A0216D5181C00CBA729 /* C4_AppStoreIcon@2x.png in Resources */,
				6DD58A0416D5181C00CBA729 /* C4_LaunchImage_iPad-Landscape.png in Resources */,
				6DD58A0616D5181C00CBA729 /* C4_LaunchImage_iPad-Landscape@2x.png in Resources */,
				6DD58A0816D5181C00CBA729 /* C4_LaunchImage_iPad-Portrait.png in Resources */,
				6DD58A0A16D5181C00CBA729 /* C4_LaunchImage_iPad-Portrait@2x.png in Resources */,
				6DD58A0C16D5181C00CBA729 /* C4_SpotlightIcon.png in Resources */,
				6DD58A0E16D5181C00CBA729 /* C4_SpotlightIcon@2x.png in Resources */,
				6DD58A1016D5181C00CBA729 /* C4_SpotlightIcon_iPad.png in Resources */,
				6DD58A1216D5181C00CBA729 /* C4_SpotlightIcon_iPad@2x.png in Resources */,
				6DD58A1416D5181C00CBA729 /* C4_TabbarIcon.png in Resources */,
				6DD58A1616D5181C00CBA729 /* C4_TabbarIcon@2x.png in Resources */,
				6DD58A1816D5181C00CBA729 /* C4_ToolbarIcon.png in Resources */,
				6DD58A1A16D5181C00CBA729 /* C4_ToolbarIcon@2x.png in Resources */,
				6D2876C216E068A800EAB5B2 /* simpleXYsynth.pd in Resources */,
				6D1AEF1716E9241E005DA854 /* demo.pd in Resources */,
				6D1AEF1816E9241E005DA854 /* bassline1.pd in Resources */,
				6D1AEF1916E9241E005DA854 /* sequence2.pd in Resources */,
				6D1AEF1A16E9241E005DA854 /* backgroundsequence1.pd in Resources */,
				6D1AEF1B16E9241E005DA854 /* drums1.pd in Resources */,
				6D1AEF1D16E9241E005DA854 /* sequence1.pd in Resources */,
				6D1AEF1F16E924A0005DA854 /* boop.pd in Resources */,
				6D011AA9178FD130003717D6 /* README.markdown in Resources */,
			);
			runOnlyForDeploymentPostprocessing = 0;
		};
/* End PBXResourcesBuildPhase section */

/* Begin PBXSourcesBuildPhase section */
		6DD5899A16D5181C00CBA729 /* Sources */ = {
			isa = PBXSourcesBuildPhase;
			buildActionMask = 2147483647;
			files = (
				6DD589BE16D5181C00CBA729 /* main.m in Sources */,
				6DD589C316D5181C00CBA729 /* C4AppDelegate.m in Sources */,
				6DD589C516D5181C00CBA729 /* C4WorkSpace.m in Sources */,
				6D589D2616E4527B00ADD824 /* s_libpdmidi.c in Sources */,
				6D589D2716E4527B00ADD824 /* ringbuffer.c in Sources */,
				6D589D2816E4527B00ADD824 /* z_hook_util.c in Sources */,
				6D589D2916E4527B00ADD824 /* z_print_util.c in Sources */,
				6D589D2A16E4527B00ADD824 /* z_queued.c in Sources */,
				6D589D2B16E4527B00ADD824 /* x_libpdreceive.c in Sources */,
				6D589D2C16E4527B00ADD824 /* z_libpd.c in Sources */,
				6D589D3516E4527B00ADD824 /* AudioHelpers.m in Sources */,
				6D589D3616E4527B00ADD824 /* PdAudioController.m in Sources */,
				6D589D3716E4527B00ADD824 /* PdAudioUnit.m in Sources */,
				6D589D3816E4527B00ADD824 /* PdBase.m in Sources */,
				6D589D3A16E4527B00ADD824 /* PdFile.m in Sources */,
				6D589D5916E4527B00ADD824 /* d_arithmetic.c in Sources */,
				6D589D5A16E4527B00ADD824 /* d_array.c in Sources */,
				6D589D5B16E4527B00ADD824 /* d_ctl.c in Sources */,
				6D589D5C16E4527B00ADD824 /* d_dac.c in Sources */,
				6D589D5D16E4527B00ADD824 /* d_delay.c in Sources */,
				6D589D5E16E4527B00ADD824 /* d_fft.c in Sources */,
				6D589D5F16E4527B00ADD824 /* d_fft_mayer.c in Sources */,
				6D589D6016E4527B00ADD824 /* d_fftroutine.c in Sources */,
				6D589D6116E4527B00ADD824 /* d_filter.c in Sources */,
				6D589D6216E4527B00ADD824 /* d_global.c in Sources */,
				6D589D6316E4527B00ADD824 /* d_math.c in Sources */,
				6D589D6416E4527B00ADD824 /* d_misc.c in Sources */,
				6D589D6516E4527B00ADD824 /* d_osc.c in Sources */,
				6D589D6616E4527B00ADD824 /* d_resample.c in Sources */,
				6D589D6716E4527B00ADD824 /* d_soundfile.c in Sources */,
				6D589D6816E4527B00ADD824 /* d_ugen.c in Sources */,
				6D589D6916E4527B00ADD824 /* g_all_guis.c in Sources */,
				6D589D6A16E4527B00ADD824 /* g_array.c in Sources */,
				6D589D6B16E4527B00ADD824 /* g_bang.c in Sources */,
				6D589D6C16E4527B00ADD824 /* g_canvas.c in Sources */,
				6D589D6D16E4527B00ADD824 /* g_editor.c in Sources */,
				6D589D6E16E4527B00ADD824 /* g_graph.c in Sources */,
				6D589D6F16E4527B00ADD824 /* g_guiconnect.c in Sources */,
				6D589D7016E4527B00ADD824 /* g_hdial.c in Sources */,
				6D589D7116E4527B00ADD824 /* g_hslider.c in Sources */,
				6D589D7216E4527B00ADD824 /* g_io.c in Sources */,
				6D589D7316E4527B00ADD824 /* g_mycanvas.c in Sources */,
				6D589D7416E4527B00ADD824 /* g_numbox.c in Sources */,
				6D589D7516E4527B00ADD824 /* g_readwrite.c in Sources */,
				6D589D7616E4527B00ADD824 /* g_rtext.c in Sources */,
				6D589D7716E4527B00ADD824 /* g_scalar.c in Sources */,
				6D589D7816E4527B00ADD824 /* g_template.c in Sources */,
				6D589D7916E4527B00ADD824 /* g_text.c in Sources */,
				6D589D7A16E4527B00ADD824 /* g_toggle.c in Sources */,
				6D589D7B16E4527B00ADD824 /* g_traversal.c in Sources */,
				6D589D7C16E4527B00ADD824 /* g_vdial.c in Sources */,
				6D589D7D16E4527B00ADD824 /* g_vslider.c in Sources */,
				6D589D7E16E4527B00ADD824 /* g_vumeter.c in Sources */,
				6D589D7F16E4527B00ADD824 /* m_atom.c in Sources */,
				6D589D8016E4527B00ADD824 /* m_binbuf.c in Sources */,
				6D589D8116E4527B00ADD824 /* m_class.c in Sources */,
				6D589D8216E4527B00ADD824 /* m_conf.c in Sources */,
				6D589D8316E4527B00ADD824 /* m_glob.c in Sources */,
				6D589D8416E4527B00ADD824 /* m_memory.c in Sources */,
				6D589D8516E4527B00ADD824 /* m_obj.c in Sources */,
				6D589D8616E4527B00ADD824 /* m_pd.c in Sources */,
				6D589D8716E4527B00ADD824 /* m_sched.c in Sources */,
				6D589D8816E4527B00ADD824 /* s_audio.c in Sources */,
				6D589D8916E4527B00ADD824 /* s_audio_dummy.c in Sources */,
				6D589D8B16E4527B00ADD824 /* s_inter.c in Sources */,
				6D589D8C16E4527B00ADD824 /* s_loader.c in Sources */,
				6D589D8D16E4527B00ADD824 /* s_main.c in Sources */,
				6D589D8E16E4527B00ADD824 /* s_path.c in Sources */,
				6D589D8F16E4527B00ADD824 /* s_print.c in Sources */,
				6D589D9016E4527B00ADD824 /* s_utf8.c in Sources */,
				6D589D9116E4527B00ADD824 /* x_acoustics.c in Sources */,
				6D589D9216E4527B00ADD824 /* x_arithmetic.c in Sources */,
				6D589D9316E4527B00ADD824 /* x_connective.c in Sources */,
				6D589D9416E4527B00ADD824 /* x_gui.c in Sources */,
				6D589D9516E4527B00ADD824 /* x_interface.c in Sources */,
				6D589D9616E4527B00ADD824 /* x_list.c in Sources */,
				6D589D9716E4527B00ADD824 /* x_midi.c in Sources */,
				6D589D9816E4527B00ADD824 /* x_misc.c in Sources */,
				6D589D9916E4527B00ADD824 /* x_net.c in Sources */,
				6D589D9A16E4527B00ADD824 /* x_qlist.c in Sources */,
				6D589D9B16E4527B00ADD824 /* x_time.c in Sources */,
				6D589DCF16E457D400ADD824 /* s_file.c in Sources */,
				6DB02FFB170E61BB008A4483 /* C4PD.m in Sources */,
				6D011A9E178FD130003717D6 /* AEAudioController.m in Sources */,
				6D011AA1178FD130003717D6 /* AEAudioFileWriter.m in Sources */,
				6D011AA2178FD130003717D6 /* AEAudioUnitChannel.m in Sources */,
				6D011AA3178FD130003717D6 /* AEAudioUnitFilter.m in Sources */,
				6D011AA4178FD130003717D6 /* AEBlockAudioReceiver.m in Sources */,
				6D011AA5178FD130003717D6 /* AEBlockChannel.m in Sources */,
				6D011AA6178FD130003717D6 /* AEBlockFilter.m in Sources */,
				6D011AA7178FD130003717D6 /* AEFloatConverter.m in Sources */,
				6D011AA8178FD130003717D6 /* AEUtilities.c in Sources */,
				6D011AAA178FD130003717D6 /* TPCircularBuffer+AudioBufferList.c in Sources */,
				6D011AAB178FD130003717D6 /* TPCircularBuffer.c in Sources */,
				6D011AAC178FD30A003717D6 /* AEAudioController+Audiobus.m in Sources */,
			);
			runOnlyForDeploymentPostprocessing = 0;
		};
/* End PBXSourcesBuildPhase section */

/* Begin PBXVariantGroup section */
		6DD589BA16D5181C00CBA729 /* InfoPlist.strings */ = {
			isa = PBXVariantGroup;
			children = (
				6DD589BB16D5181C00CBA729 /* en */,
			);
			name = InfoPlist.strings;
			sourceTree = "<group>";
		};
		6DD589F816D5181C00CBA729 /* C4Canvas.xib */ = {
			isa = PBXVariantGroup;
			children = (
				6DD589F916D5181C00CBA729 /* en */,
			);
			name = C4Canvas.xib;
			sourceTree = "<group>";
		};
/* End PBXVariantGroup section */

/* Begin XCBuildConfiguration section */
		6DD58A1B16D5181C00CBA729 /* Debug */ = {
			isa = XCBuildConfiguration;
			buildSettings = {
				ALWAYS_SEARCH_USER_PATHS = NO;
				CLANG_CXX_LANGUAGE_STANDARD = "gnu++0x";
				CLANG_CXX_LIBRARY = "libc++";
				CLANG_ENABLE_OBJC_ARC = YES;
				CLANG_WARN_CONSTANT_CONVERSION = YES;
				CLANG_WARN_EMPTY_BODY = YES;
				CLANG_WARN_ENUM_CONVERSION = YES;
				CLANG_WARN_INT_CONVERSION = YES;
				CLANG_WARN__DUPLICATE_METHOD_MATCH = YES;
				"CODE_SIGN_IDENTITY[sdk=iphoneos*]" = "iPhone Developer";
				COPY_PHASE_STRIP = NO;
				GCC_C_LANGUAGE_STANDARD = gnu99;
				GCC_DYNAMIC_NO_PIC = NO;
				GCC_OPTIMIZATION_LEVEL = 0;
				GCC_PREPROCESSOR_DEFINITIONS = HAVE_UNISTD_H;
				GCC_SYMBOLS_PRIVATE_EXTERN = NO;
				GCC_WARN_ABOUT_RETURN_TYPE = YES;
				GCC_WARN_UNINITIALIZED_AUTOS = YES;
				GCC_WARN_UNUSED_VARIABLE = YES;
				IPHONEOS_DEPLOYMENT_TARGET = 6.1;
				ONLY_ACTIVE_ARCH = YES;
				SDKROOT = iphoneos;
				TARGETED_DEVICE_FAMILY = 2;
			};
			name = Debug;
		};
		6DD58A1C16D5181C00CBA729 /* Release */ = {
			isa = XCBuildConfiguration;
			buildSettings = {
				ALWAYS_SEARCH_USER_PATHS = NO;
				CLANG_CXX_LANGUAGE_STANDARD = "gnu++0x";
				CLANG_CXX_LIBRARY = "libc++";
				CLANG_ENABLE_OBJC_ARC = YES;
				CLANG_WARN_CONSTANT_CONVERSION = YES;
				CLANG_WARN_EMPTY_BODY = YES;
				CLANG_WARN_ENUM_CONVERSION = YES;
				CLANG_WARN_INT_CONVERSION = YES;
				CLANG_WARN__DUPLICATE_METHOD_MATCH = YES;
				"CODE_SIGN_IDENTITY[sdk=iphoneos*]" = "iPhone Developer";
				COPY_PHASE_STRIP = YES;
				GCC_C_LANGUAGE_STANDARD = gnu99;
				GCC_PREPROCESSOR_DEFINITIONS = HAVE_UNISTD_H;
				GCC_WARN_ABOUT_RETURN_TYPE = YES;
				GCC_WARN_UNINITIALIZED_AUTOS = YES;
				GCC_WARN_UNUSED_VARIABLE = YES;
				IPHONEOS_DEPLOYMENT_TARGET = 6.1;
				OTHER_CFLAGS = "-DNS_BLOCK_ASSERTIONS=1";
				SDKROOT = iphoneos;
				TARGETED_DEVICE_FAMILY = 2;
				VALIDATE_PRODUCT = YES;
			};
			name = Release;
		};
		6DD58A1E16D5181C00CBA729 /* Debug */ = {
			isa = XCBuildConfiguration;
			buildSettings = {
				GCC_PRECOMPILE_PREFIX_HEADER = YES;
				GCC_PREFIX_HEADER = "C4-libpd/C4-libpd-Prefix.pch";
				INFOPLIST_FILE = "C4-libpd/C4-libpd-Info.plist";
				LIBRARY_SEARCH_PATHS = (
					"$(inherited)",
					"\"$(SRCROOT)/C4-libpd/Library\"",
				);
				PRODUCT_NAME = "$(TARGET_NAME)";
				USER_HEADER_SEARCH_PATHS = "$(SRCROOT)/libpd/**";
				WRAPPER_EXTENSION = app;
			};
			name = Debug;
		};
		6DD58A1F16D5181C00CBA729 /* Release */ = {
			isa = XCBuildConfiguration;
			buildSettings = {
				GCC_PRECOMPILE_PREFIX_HEADER = YES;
				GCC_PREFIX_HEADER = "C4-libpd/C4-libpd-Prefix.pch";
				INFOPLIST_FILE = "C4-libpd/C4-libpd-Info.plist";
				LIBRARY_SEARCH_PATHS = (
					"$(inherited)",
					"\"$(SRCROOT)/C4-libpd/Library\"",
				);
				PRODUCT_NAME = "$(TARGET_NAME)";
				USER_HEADER_SEARCH_PATHS = "$(SRCROOT)/libpd/**";
				WRAPPER_EXTENSION = app;
			};
			name = Release;
		};
/* End XCBuildConfiguration section */

/* Begin XCConfigurationList section */
		6DD5899916D5181C00CBA729 /* Build configuration list for PBXProject "C4-libpd" */ = {
			isa = XCConfigurationList;
			buildConfigurations = (
				6DD58A1B16D5181C00CBA729 /* Debug */,
				6DD58A1C16D5181C00CBA729 /* Release */,
			);
			defaultConfigurationIsVisible = 0;
			defaultConfigurationName = Release;
		};
		6DD58A1D16D5181C00CBA729 /* Build configuration list for PBXNativeTarget "C4-libpd" */ = {
			isa = XCConfigurationList;
			buildConfigurations = (
				6DD58A1E16D5181C00CBA729 /* Debug */,
				6DD58A1F16D5181C00CBA729 /* Release */,
			);
			defaultConfigurationIsVisible = 0;
			defaultConfigurationName = Release;
		};
/* End XCConfigurationList section */
	};
	rootObject = 6DD5899616D5181C00CBA729 /* Project object */;
}
